// !$*UTF8*$!
{
	archiveVersion = 1;
	classes = {
	};
	objectVersion = 46;
	objects = {

/* Begin PBXBuildFile section */
		3F014D7019A6DC8E009840BF /* OAuthViewController.m in Sources */ = {isa = PBXBuildFile; fileRef = 3F014D6F19A6DC8E009840BF /* OAuthViewController.m */; };
		3F014D8619A6F1D2009840BF /* AFHTTPRequestOperation.m in Sources */ = {isa = PBXBuildFile; fileRef = 3F014D7419A6F1D2009840BF /* AFHTTPRequestOperation.m */; };
		3F014D8719A6F1D2009840BF /* AFHTTPRequestOperationManager.m in Sources */ = {isa = PBXBuildFile; fileRef = 3F014D7619A6F1D2009840BF /* AFHTTPRequestOperationManager.m */; };
		3F014D8819A6F1D2009840BF /* AFHTTPSessionManager.m in Sources */ = {isa = PBXBuildFile; fileRef = 3F014D7819A6F1D2009840BF /* AFHTTPSessionManager.m */; };
		3F014D8919A6F1D2009840BF /* AFNetworkReachabilityManager.m in Sources */ = {isa = PBXBuildFile; fileRef = 3F014D7B19A6F1D2009840BF /* AFNetworkReachabilityManager.m */; };
		3F014D8A19A6F1D2009840BF /* AFSecurityPolicy.m in Sources */ = {isa = PBXBuildFile; fileRef = 3F014D7D19A6F1D2009840BF /* AFSecurityPolicy.m */; };
		3F014D8B19A6F1D2009840BF /* AFURLConnectionOperation.m in Sources */ = {isa = PBXBuildFile; fileRef = 3F014D7F19A6F1D2009840BF /* AFURLConnectionOperation.m */; };
		3F014D8C19A6F1D2009840BF /* AFURLRequestSerialization.m in Sources */ = {isa = PBXBuildFile; fileRef = 3F014D8119A6F1D2009840BF /* AFURLRequestSerialization.m */; };
		3F014D8D19A6F1D2009840BF /* AFURLResponseSerialization.m in Sources */ = {isa = PBXBuildFile; fileRef = 3F014D8319A6F1D2009840BF /* AFURLResponseSerialization.m */; };
		3F014D8E19A6F1D2009840BF /* AFURLSessionManager.m in Sources */ = {isa = PBXBuildFile; fileRef = 3F014D8519A6F1D2009840BF /* AFURLSessionManager.m */; };
		3F07378419A7370D008FD8FA /* MyWeiBoTools.m in Sources */ = {isa = PBXBuildFile; fileRef = 3F07378319A7370D008FD8FA /* MyWeiBoTools.m */; };
		3F07378819A7398B008FD8FA /* MyAccountTools.m in Sources */ = {isa = PBXBuildFile; fileRef = 3F07378719A7398B008FD8FA /* MyAccountTools.m */; };
		3F08669B19B81563001E75E8 /* MyTextView.m in Sources */ = {isa = PBXBuildFile; fileRef = 3F08669A19B81563001E75E8 /* MyTextView.m */; };
		3F0C384519A6C8B800B390C7 /* MyNewFeatureViewController.m in Sources */ = {isa = PBXBuildFile; fileRef = 3F0C384419A6C8B800B390C7 /* MyNewFeatureViewController.m */; };
		3F0DAD0619A38C5B00443A9E /* DiscoverViewController.m in Sources */ = {isa = PBXBuildFile; fileRef = 3F0DACE619A38C5B00443A9E /* DiscoverViewController.m */; };
		3F0DAD0719A38C5B00443A9E /* HomeViewController.m in Sources */ = {isa = PBXBuildFile; fileRef = 3F0DACEC19A38C5B00443A9E /* HomeViewController.m */; };
		3F0DAD0819A38C5B00443A9E /* TabBarViewController.m in Sources */ = {isa = PBXBuildFile; fileRef = 3F0DACF219A38C5B00443A9E /* TabBarViewController.m */; };
		3F0DAD0919A38C5B00443A9E /* MeViewController.m in Sources */ = {isa = PBXBuildFile; fileRef = 3F0DACF819A38C5B00443A9E /* MeViewController.m */; };
		3F0DAD0A19A38C5B00443A9E /* MessageViewController.m in Sources */ = {isa = PBXBuildFile; fileRef = 3F0DACFE19A38C5B00443A9E /* MessageViewController.m */; };
		3F0DAD0B19A38C5B00443A9E /* AppDelegate.m in Sources */ = {isa = PBXBuildFile; fileRef = 3F0DAD0319A38C5B00443A9E /* AppDelegate.m */; };
		3F0DAD0C19A38C5B00443A9E /* main.m in Sources */ = {isa = PBXBuildFile; fileRef = 3F0DAD0419A38C5B00443A9E /* main.m */; };
		3F1A4E7019A8BB5E00CBF16C /* MBProgressHUD+MJ.m in Sources */ = {isa = PBXBuildFile; fileRef = 3F1A4E6C19A8BB5E00CBF16C /* MBProgressHUD+MJ.m */; };
		3F1A4E7119A8BB5E00CBF16C /* MBProgressHUD.bundle in Resources */ = {isa = PBXBuildFile; fileRef = 3F1A4E6D19A8BB5E00CBF16C /* MBProgressHUD.bundle */; };
		3F1A4E7219A8BB5E00CBF16C /* MBProgressHUD.m in Sources */ = {isa = PBXBuildFile; fileRef = 3F1A4E6F19A8BB5E00CBF16C /* MBProgressHUD.m */; };
		3F1C3E9C19B6BE930085AAEF /* MJRefresh.bundle in Resources */ = {isa = PBXBuildFile; fileRef = 3F1C3E8C19B6BE930085AAEF /* MJRefresh.bundle */; };
		3F1C3E9D19B6BE930085AAEF /* MJRefreshBaseView.m in Sources */ = {isa = PBXBuildFile; fileRef = 3F1C3E8F19B6BE930085AAEF /* MJRefreshBaseView.m */; };
		3F1C3E9E19B6BE930085AAEF /* MJRefreshConst.m in Sources */ = {isa = PBXBuildFile; fileRef = 3F1C3E9119B6BE930085AAEF /* MJRefreshConst.m */; };
		3F1C3E9F19B6BE930085AAEF /* MJRefreshFooterView.m in Sources */ = {isa = PBXBuildFile; fileRef = 3F1C3E9319B6BE930085AAEF /* MJRefreshFooterView.m */; };
		3F1C3EA019B6BE930085AAEF /* MJRefreshHeaderView.m in Sources */ = {isa = PBXBuildFile; fileRef = 3F1C3E9519B6BE930085AAEF /* MJRefreshHeaderView.m */; };
		3F1C3EA119B6BE930085AAEF /* UIScrollView+Extension.m in Sources */ = {isa = PBXBuildFile; fileRef = 3F1C3E9719B6BE930085AAEF /* UIScrollView+Extension.m */; };
		3F1C3EA219B6BE930085AAEF /* UIScrollView+MJRefresh.m in Sources */ = {isa = PBXBuildFile; fileRef = 3F1C3E9919B6BE930085AAEF /* UIScrollView+MJRefresh.m */; };
		3F1C3EA319B6BE930085AAEF /* UIView+Extension.m in Sources */ = {isa = PBXBuildFile; fileRef = 3F1C3E9B19B6BE930085AAEF /* UIView+Extension.m */; };
		3F2C8C6E196E755D00F70C19 /* Foundation.framework in Frameworks */ = {isa = PBXBuildFile; fileRef = 3F2C8C6D196E755D00F70C19 /* Foundation.framework */; };
		3F2C8C70196E755D00F70C19 /* CoreGraphics.framework in Frameworks */ = {isa = PBXBuildFile; fileRef = 3F2C8C6F196E755D00F70C19 /* CoreGraphics.framework */; };
		3F2C8C72196E755D00F70C19 /* UIKit.framework in Frameworks */ = {isa = PBXBuildFile; fileRef = 3F2C8C71196E755D00F70C19 /* UIKit.framework */; };
		3F2C8C78196E755D00F70C19 /* InfoPlist.strings in Resources */ = {isa = PBXBuildFile; fileRef = 3F2C8C76196E755D00F70C19 /* InfoPlist.strings */; };
		3F2C8C80196E755D00F70C19 /* Images.xcassets in Resources */ = {isa = PBXBuildFile; fileRef = 3F2C8C7F196E755D00F70C19 /* Images.xcassets */; };
		3F2C8C88196E755D00F70C19 /* Foundation.framework in Frameworks */ = {isa = PBXBuildFile; fileRef = 3F2C8C6D196E755D00F70C19 /* Foundation.framework */; };
		3F2C8C89196E755D00F70C19 /* UIKit.framework in Frameworks */ = {isa = PBXBuildFile; fileRef = 3F2C8C71196E755D00F70C19 /* UIKit.framework */; };
		3F2C8C91196E755D00F70C19 /* InfoPlist.strings in Resources */ = {isa = PBXBuildFile; fileRef = 3F2C8C8F196E755D00F70C19 /* InfoPlist.strings */; };
		3F2C8C93196E755D00F70C19 /* MyWeiBoTests.m in Sources */ = {isa = PBXBuildFile; fileRef = 3F2C8C92196E755D00F70C19 /* MyWeiBoTests.m */; };
		3F2C8CCB196E794000F70C19 /* QuartzCore.framework in Frameworks */ = {isa = PBXBuildFile; fileRef = 3F2C8CCA196E794000F70C19 /* QuartzCore.framework */; };
		3F2C8CCD196E7A0C00F70C19 /* CoreText.framework in Frameworks */ = {isa = PBXBuildFile; fileRef = 3F2C8CCC196E7A0C00F70C19 /* CoreText.framework */; };
		3F35F0C619B751EF006242E4 /* new_feature_1-568h@2x.png in Resources */ = {isa = PBXBuildFile; fileRef = 3F35F0C519B751EF006242E4 /* new_feature_1-568h@2x.png */; };
		3F35F0C819B751F5006242E4 /* new_feature_2-568h@2x.png in Resources */ = {isa = PBXBuildFile; fileRef = 3F35F0C719B751F5006242E4 /* new_feature_2-568h@2x.png */; };
		3F35F0CA19B75202006242E4 /* new_feature_3-568h@2x.png in Resources */ = {isa = PBXBuildFile; fileRef = 3F35F0C919B75202006242E4 /* new_feature_3-568h@2x.png */; };
		3F35F0CC19B75219006242E4 /* new_feature_background-568h@2x.png in Resources */ = {isa = PBXBuildFile; fileRef = 3F35F0CB19B75219006242E4 /* new_feature_background-568h@2x.png */; };
		3F3E347219B1E2C90050E0B4 /* MyReweetStatusView.m in Sources */ = {isa = PBXBuildFile; fileRef = 3F3E347119B1E2C90050E0B4 /* MyReweetStatusView.m */; };
		3F3E347519B1EC220050E0B4 /* MyStatusTopView.m in Sources */ = {isa = PBXBuildFile; fileRef = 3F3E347419B1EC220050E0B4 /* MyStatusTopView.m */; };
		3F3E46C519AF784300158F92 /* NSDate+My.m in Sources */ = {isa = PBXBuildFile; fileRef = 3F3E46C419AF784300158F92 /* NSDate+My.m */; };
		3F643EAB19B88CAA008A6DFD /* MyUnreadModel.m in Sources */ = {isa = PBXBuildFile; fileRef = 3F643EAA19B88CAA008A6DFD /* MyUnreadModel.m */; };
		3F69D46919A38D5700B4C422 /* UIImage+My.m in Sources */ = {isa = PBXBuildFile; fileRef = 3F69D46819A38D5700B4C422 /* UIImage+My.m */; };
		3F69D46C19A3936300B4C422 /* MyTabBar.m in Sources */ = {isa = PBXBuildFile; fileRef = 3F69D46B19A3936300B4C422 /* MyTabBar.m */; };
		3F6DAA5219B0A6C100870C3E /* MyStatusToolsBar.m in Sources */ = {isa = PBXBuildFile; fileRef = 3F6DAA5119B0A6C100870C3E /* MyStatusToolsBar.m */; };
		3F7A511419AABD1000C04E5F /* MyStatusesModel.m in Sources */ = {isa = PBXBuildFile; fileRef = 3F7A511319AABD1000C04E5F /* MyStatusesModel.m */; };
		3F7A511719AAC15E00C04E5F /* MyUser.m in Sources */ = {isa = PBXBuildFile; fileRef = 3F7A511619AAC15E00C04E5F /* MyUser.m */; };
		3F8887DD19A587D200CF786C /* MyNavgationViewController.m in Sources */ = {isa = PBXBuildFile; fileRef = 3F8887DC19A587D200CF786C /* MyNavgationViewController.m */; };
		3F89CD7419A5029000107F00 /* MyBadgeButton.m in Sources */ = {isa = PBXBuildFile; fileRef = 3F89CD7319A5029000107F00 /* MyBadgeButton.m */; };
		3F8B7CF119A5E52100D32E31 /* UIBarButtonItem+My.m in Sources */ = {isa = PBXBuildFile; fileRef = 3F8B7CF019A5E52100D32E31 /* UIBarButtonItem+My.m */; };
		3F8B7CF419A5EEB800D32E31 /* MySearchBar.m in Sources */ = {isa = PBXBuildFile; fileRef = 3F8B7CF319A5EEB800D32E31 /* MySearchBar.m */; };
		3F8B7CF719A6184A00D32E31 /* MyTitleButton.m in Sources */ = {isa = PBXBuildFile; fileRef = 3F8B7CF619A6184A00D32E31 /* MyTitleButton.m */; };
		3F9830AD19AAFD8500E39C8D /* MKAnnotationView+WebCache.m in Sources */ = {isa = PBXBuildFile; fileRef = 3F98308D19AAFD8500E39C8D /* MKAnnotationView+WebCache.m */; };
		3F9830AE19AAFD8500E39C8D /* NSData+ImageContentType.m in Sources */ = {isa = PBXBuildFile; fileRef = 3F98308F19AAFD8500E39C8D /* NSData+ImageContentType.m */; };
		3F9830AF19AAFD8500E39C8D /* SDImageCache.m in Sources */ = {isa = PBXBuildFile; fileRef = 3F98309119AAFD8500E39C8D /* SDImageCache.m */; };
		3F9830B019AAFD8500E39C8D /* SDWebImageCompat.m in Sources */ = {isa = PBXBuildFile; fileRef = 3F98309319AAFD8500E39C8D /* SDWebImageCompat.m */; };
		3F9830B119AAFD8500E39C8D /* SDWebImageDecoder.m in Sources */ = {isa = PBXBuildFile; fileRef = 3F98309519AAFD8500E39C8D /* SDWebImageDecoder.m */; };
		3F9830B219AAFD8500E39C8D /* SDWebImageDownloader.m in Sources */ = {isa = PBXBuildFile; fileRef = 3F98309719AAFD8500E39C8D /* SDWebImageDownloader.m */; };
		3F9830B319AAFD8500E39C8D /* SDWebImageDownloaderOperation.m in Sources */ = {isa = PBXBuildFile; fileRef = 3F98309919AAFD8500E39C8D /* SDWebImageDownloaderOperation.m */; };
		3F9830B419AAFD8500E39C8D /* SDWebImageManager.m in Sources */ = {isa = PBXBuildFile; fileRef = 3F98309B19AAFD8500E39C8D /* SDWebImageManager.m */; };
		3F9830B519AAFD8500E39C8D /* SDWebImagePrefetcher.m in Sources */ = {isa = PBXBuildFile; fileRef = 3F98309E19AAFD8500E39C8D /* SDWebImagePrefetcher.m */; };
		3F9830B619AAFD8500E39C8D /* UIButton+WebCache.m in Sources */ = {isa = PBXBuildFile; fileRef = 3F9830A019AAFD8500E39C8D /* UIButton+WebCache.m */; };
		3F9830B719AAFD8500E39C8D /* UIImage+GIF.m in Sources */ = {isa = PBXBuildFile; fileRef = 3F9830A219AAFD8500E39C8D /* UIImage+GIF.m */; };
		3F9830B819AAFD8500E39C8D /* UIImage+MultiFormat.m in Sources */ = {isa = PBXBuildFile; fileRef = 3F9830A419AAFD8500E39C8D /* UIImage+MultiFormat.m */; };
		3F9830B919AAFD8500E39C8D /* UIImage+WebP.m in Sources */ = {isa = PBXBuildFile; fileRef = 3F9830A619AAFD8500E39C8D /* UIImage+WebP.m */; };
		3F9830BA19AAFD8500E39C8D /* UIImageView+HighlightedWebCache.m in Sources */ = {isa = PBXBuildFile; fileRef = 3F9830A819AAFD8500E39C8D /* UIImageView+HighlightedWebCache.m */; };
		3F9830BB19AAFD8500E39C8D /* UIImageView+WebCache.m in Sources */ = {isa = PBXBuildFile; fileRef = 3F9830AA19AAFD8500E39C8D /* UIImageView+WebCache.m */; };
		3F9830BC19AAFD8500E39C8D /* UIView+WebCacheOperation.m in Sources */ = {isa = PBXBuildFile; fileRef = 3F9830AC19AAFD8500E39C8D /* UIView+WebCacheOperation.m */; };
		3F98310719AB0CC600E39C8D /* MJArgument.m in Sources */ = {isa = PBXBuildFile; fileRef = 3F9830F119AB0CC600E39C8D /* MJArgument.m */; };
		3F98310819AB0CC600E39C8D /* MJConst.m in Sources */ = {isa = PBXBuildFile; fileRef = 3F9830F319AB0CC600E39C8D /* MJConst.m */; };
		3F98310919AB0CC600E39C8D /* MJFoundation.m in Sources */ = {isa = PBXBuildFile; fileRef = 3F9830F619AB0CC600E39C8D /* MJFoundation.m */; };
		3F98310A19AB0CC600E39C8D /* MJIvar.m in Sources */ = {isa = PBXBuildFile; fileRef = 3F9830F819AB0CC600E39C8D /* MJIvar.m */; };
		3F98310B19AB0CC600E39C8D /* MJMember.m in Sources */ = {isa = PBXBuildFile; fileRef = 3F9830FA19AB0CC600E39C8D /* MJMember.m */; };
		3F98310C19AB0CC600E39C8D /* MJMethod.m in Sources */ = {isa = PBXBuildFile; fileRef = 3F9830FC19AB0CC600E39C8D /* MJMethod.m */; };
		3F98310D19AB0CC600E39C8D /* MJType.m in Sources */ = {isa = PBXBuildFile; fileRef = 3F9830FE19AB0CC600E39C8D /* MJType.m */; };
		3F98310E19AB0CC600E39C8D /* MJTypeEncoding.m in Sources */ = {isa = PBXBuildFile; fileRef = 3F98310019AB0CC600E39C8D /* MJTypeEncoding.m */; };
		3F98310F19AB0CC600E39C8D /* NSObject+MJCoding.m in Sources */ = {isa = PBXBuildFile; fileRef = 3F98310219AB0CC600E39C8D /* NSObject+MJCoding.m */; };
		3F98311019AB0CC600E39C8D /* NSObject+MJKeyValue.m in Sources */ = {isa = PBXBuildFile; fileRef = 3F98310419AB0CC600E39C8D /* NSObject+MJKeyValue.m */; };
		3F98311119AB0CC600E39C8D /* NSObject+MJMember.m in Sources */ = {isa = PBXBuildFile; fileRef = 3F98310619AB0CC600E39C8D /* NSObject+MJMember.m */; };
		3FA86CCD19AC7495006166BE /* MyStatusesCell.m in Sources */ = {isa = PBXBuildFile; fileRef = 3FA86CCC19AC7495006166BE /* MyStatusesCell.m */; };
		3FA86CD019AC7D6D006166BE /* MyStatusesFrame.m in Sources */ = {isa = PBXBuildFile; fileRef = 3FA86CCF19AC7D6D006166BE /* MyStatusesFrame.m */; };
		3FAC06F319A712BC00346013 /* MyAccount.m in Sources */ = {isa = PBXBuildFile; fileRef = 3FAC06F219A712BC00346013 /* MyAccount.m */; };
		3FCCD3D119B7FCCB00441623 /* MyComposeViewController.m in Sources */ = {isa = PBXBuildFile; fileRef = 3FCCD3D019B7FCCB00441623 /* MyComposeViewController.m */; };
		3FE08C5119A3B1C900776983 /* MyTabBarButton.m in Sources */ = {isa = PBXBuildFile; fileRef = 3FE08C5019A3B1C900776983 /* MyTabBarButton.m */; };
/* End PBXBuildFile section */

/* Begin PBXContainerItemProxy section */
		3F2C8C8A196E755D00F70C19 /* PBXContainerItemProxy */ = {
			isa = PBXContainerItemProxy;
			containerPortal = 3F2C8C62196E755D00F70C19 /* Project object */;
			proxyType = 1;
			remoteGlobalIDString = 3F2C8C69196E755D00F70C19;
			remoteInfo = MyWeiBo;
		};
/* End PBXContainerItemProxy section */

/* Begin PBXFileReference section */
		3F014D6E19A6DC8E009840BF /* OAuthViewController.h */ = {isa = PBXFileReference; fileEncoding = 4; lastKnownFileType = sourcecode.c.h; path = OAuthViewController.h; sourceTree = "<group>"; };
		3F014D6F19A6DC8E009840BF /* OAuthViewController.m */ = {isa = PBXFileReference; fileEncoding = 4; lastKnownFileType = sourcecode.c.objc; path = OAuthViewController.m; sourceTree = "<group>"; };
		3F014D7319A6F1D2009840BF /* AFHTTPRequestOperation.h */ = {isa = PBXFileReference; fileEncoding = 4; lastKnownFileType = sourcecode.c.h; path = AFHTTPRequestOperation.h; sourceTree = "<group>"; };
		3F014D7419A6F1D2009840BF /* AFHTTPRequestOperation.m */ = {isa = PBXFileReference; fileEncoding = 4; lastKnownFileType = sourcecode.c.objc; path = AFHTTPRequestOperation.m; sourceTree = "<group>"; };
		3F014D7519A6F1D2009840BF /* AFHTTPRequestOperationManager.h */ = {isa = PBXFileReference; fileEncoding = 4; lastKnownFileType = sourcecode.c.h; path = AFHTTPRequestOperationManager.h; sourceTree = "<group>"; };
		3F014D7619A6F1D2009840BF /* AFHTTPRequestOperationManager.m */ = {isa = PBXFileReference; fileEncoding = 4; lastKnownFileType = sourcecode.c.objc; path = AFHTTPRequestOperationManager.m; sourceTree = "<group>"; };
		3F014D7719A6F1D2009840BF /* AFHTTPSessionManager.h */ = {isa = PBXFileReference; fileEncoding = 4; lastKnownFileType = sourcecode.c.h; path = AFHTTPSessionManager.h; sourceTree = "<group>"; };
		3F014D7819A6F1D2009840BF /* AFHTTPSessionManager.m */ = {isa = PBXFileReference; fileEncoding = 4; lastKnownFileType = sourcecode.c.objc; path = AFHTTPSessionManager.m; sourceTree = "<group>"; };
		3F014D7919A6F1D2009840BF /* AFNetworking.h */ = {isa = PBXFileReference; fileEncoding = 4; lastKnownFileType = sourcecode.c.h; path = AFNetworking.h; sourceTree = "<group>"; };
		3F014D7A19A6F1D2009840BF /* AFNetworkReachabilityManager.h */ = {isa = PBXFileReference; fileEncoding = 4; lastKnownFileType = sourcecode.c.h; path = AFNetworkReachabilityManager.h; sourceTree = "<group>"; };
		3F014D7B19A6F1D2009840BF /* AFNetworkReachabilityManager.m */ = {isa = PBXFileReference; fileEncoding = 4; lastKnownFileType = sourcecode.c.objc; path = AFNetworkReachabilityManager.m; sourceTree = "<group>"; };
		3F014D7C19A6F1D2009840BF /* AFSecurityPolicy.h */ = {isa = PBXFileReference; fileEncoding = 4; lastKnownFileType = sourcecode.c.h; path = AFSecurityPolicy.h; sourceTree = "<group>"; };
		3F014D7D19A6F1D2009840BF /* AFSecurityPolicy.m */ = {isa = PBXFileReference; fileEncoding = 4; lastKnownFileType = sourcecode.c.objc; path = AFSecurityPolicy.m; sourceTree = "<group>"; };
		3F014D7E19A6F1D2009840BF /* AFURLConnectionOperation.h */ = {isa = PBXFileReference; fileEncoding = 4; lastKnownFileType = sourcecode.c.h; path = AFURLConnectionOperation.h; sourceTree = "<group>"; };
		3F014D7F19A6F1D2009840BF /* AFURLConnectionOperation.m */ = {isa = PBXFileReference; fileEncoding = 4; lastKnownFileType = sourcecode.c.objc; path = AFURLConnectionOperation.m; sourceTree = "<group>"; };
		3F014D8019A6F1D2009840BF /* AFURLRequestSerialization.h */ = {isa = PBXFileReference; fileEncoding = 4; lastKnownFileType = sourcecode.c.h; path = AFURLRequestSerialization.h; sourceTree = "<group>"; };
		3F014D8119A6F1D2009840BF /* AFURLRequestSerialization.m */ = {isa = PBXFileReference; fileEncoding = 4; lastKnownFileType = sourcecode.c.objc; path = AFURLRequestSerialization.m; sourceTree = "<group>"; };
		3F014D8219A6F1D2009840BF /* AFURLResponseSerialization.h */ = {isa = PBXFileReference; fileEncoding = 4; lastKnownFileType = sourcecode.c.h; path = AFURLResponseSerialization.h; sourceTree = "<group>"; };
		3F014D8319A6F1D2009840BF /* AFURLResponseSerialization.m */ = {isa = PBXFileReference; fileEncoding = 4; lastKnownFileType = sourcecode.c.objc; path = AFURLResponseSerialization.m; sourceTree = "<group>"; };
		3F014D8419A6F1D2009840BF /* AFURLSessionManager.h */ = {isa = PBXFileReference; fileEncoding = 4; lastKnownFileType = sourcecode.c.h; path = AFURLSessionManager.h; sourceTree = "<group>"; };
		3F014D8519A6F1D2009840BF /* AFURLSessionManager.m */ = {isa = PBXFileReference; fileEncoding = 4; lastKnownFileType = sourcecode.c.objc; path = AFURLSessionManager.m; sourceTree = "<group>"; };
		3F07378219A7370D008FD8FA /* MyWeiBoTools.h */ = {isa = PBXFileReference; fileEncoding = 4; lastKnownFileType = sourcecode.c.h; path = MyWeiBoTools.h; sourceTree = "<group>"; };
		3F07378319A7370D008FD8FA /* MyWeiBoTools.m */ = {isa = PBXFileReference; fileEncoding = 4; lastKnownFileType = sourcecode.c.objc; path = MyWeiBoTools.m; sourceTree = "<group>"; };
		3F07378619A7398B008FD8FA /* MyAccountTools.h */ = {isa = PBXFileReference; fileEncoding = 4; lastKnownFileType = sourcecode.c.h; path = MyAccountTools.h; sourceTree = "<group>"; };
		3F07378719A7398B008FD8FA /* MyAccountTools.m */ = {isa = PBXFileReference; fileEncoding = 4; lastKnownFileType = sourcecode.c.objc; path = MyAccountTools.m; sourceTree = "<group>"; };
		3F08669919B81563001E75E8 /* MyTextView.h */ = {isa = PBXFileReference; fileEncoding = 4; lastKnownFileType = sourcecode.c.h; path = MyTextView.h; sourceTree = "<group>"; };
		3F08669A19B81563001E75E8 /* MyTextView.m */ = {isa = PBXFileReference; fileEncoding = 4; lastKnownFileType = sourcecode.c.objc; path = MyTextView.m; sourceTree = "<group>"; };
		3F0C384319A6C8B800B390C7 /* MyNewFeatureViewController.h */ = {isa = PBXFileReference; fileEncoding = 4; lastKnownFileType = sourcecode.c.h; path = MyNewFeatureViewController.h; sourceTree = "<group>"; };
		3F0C384419A6C8B800B390C7 /* MyNewFeatureViewController.m */ = {isa = PBXFileReference; fileEncoding = 4; lastKnownFileType = sourcecode.c.objc; path = MyNewFeatureViewController.m; sourceTree = "<group>"; };
		3F0DACE519A38C5B00443A9E /* DiscoverViewController.h */ = {isa = PBXFileReference; fileEncoding = 4; lastKnownFileType = sourcecode.c.h; path = DiscoverViewController.h; sourceTree = "<group>"; };
		3F0DACE619A38C5B00443A9E /* DiscoverViewController.m */ = {isa = PBXFileReference; fileEncoding = 4; lastKnownFileType = sourcecode.c.objc; path = DiscoverViewController.m; sourceTree = "<group>"; };
		3F0DACEB19A38C5B00443A9E /* HomeViewController.h */ = {isa = PBXFileReference; fileEncoding = 4; lastKnownFileType = sourcecode.c.h; path = HomeViewController.h; sourceTree = "<group>"; };
		3F0DACEC19A38C5B00443A9E /* HomeViewController.m */ = {isa = PBXFileReference; fileEncoding = 4; lastKnownFileType = sourcecode.c.objc; path = HomeViewController.m; sourceTree = "<group>"; };
		3F0DACF119A38C5B00443A9E /* TabBarViewController.h */ = {isa = PBXFileReference; fileEncoding = 4; lastKnownFileType = sourcecode.c.h; path = TabBarViewController.h; sourceTree = "<group>"; };
		3F0DACF219A38C5B00443A9E /* TabBarViewController.m */ = {isa = PBXFileReference; fileEncoding = 4; lastKnownFileType = sourcecode.c.objc; path = TabBarViewController.m; sourceTree = "<group>"; };
		3F0DACF719A38C5B00443A9E /* MeViewController.h */ = {isa = PBXFileReference; fileEncoding = 4; lastKnownFileType = sourcecode.c.h; path = MeViewController.h; sourceTree = "<group>"; };
		3F0DACF819A38C5B00443A9E /* MeViewController.m */ = {isa = PBXFileReference; fileEncoding = 4; lastKnownFileType = sourcecode.c.objc; path = MeViewController.m; sourceTree = "<group>"; };
		3F0DACFD19A38C5B00443A9E /* MessageViewController.h */ = {isa = PBXFileReference; fileEncoding = 4; lastKnownFileType = sourcecode.c.h; path = MessageViewController.h; sourceTree = "<group>"; };
		3F0DACFE19A38C5B00443A9E /* MessageViewController.m */ = {isa = PBXFileReference; fileEncoding = 4; lastKnownFileType = sourcecode.c.objc; path = MessageViewController.m; sourceTree = "<group>"; };
		3F0DAD0219A38C5B00443A9E /* AppDelegate.h */ = {isa = PBXFileReference; fileEncoding = 4; lastKnownFileType = sourcecode.c.h; path = AppDelegate.h; sourceTree = "<group>"; };
		3F0DAD0319A38C5B00443A9E /* AppDelegate.m */ = {isa = PBXFileReference; fileEncoding = 4; lastKnownFileType = sourcecode.c.objc; path = AppDelegate.m; sourceTree = "<group>"; };
		3F0DAD0419A38C5B00443A9E /* main.m */ = {isa = PBXFileReference; fileEncoding = 4; lastKnownFileType = sourcecode.c.objc; path = main.m; sourceTree = "<group>"; };
		3F0DAD0519A38C5B00443A9E /* MyWeiBo-Prefix.pch */ = {isa = PBXFileReference; fileEncoding = 4; lastKnownFileType = sourcecode.c.h; path = "MyWeiBo-Prefix.pch"; sourceTree = "<group>"; };
		3F1A4E6B19A8BB5E00CBF16C /* MBProgressHUD+MJ.h */ = {isa = PBXFileReference; fileEncoding = 4; lastKnownFileType = sourcecode.c.h; path = "MBProgressHUD+MJ.h"; sourceTree = "<group>"; };
		3F1A4E6C19A8BB5E00CBF16C /* MBProgressHUD+MJ.m */ = {isa = PBXFileReference; fileEncoding = 4; lastKnownFileType = sourcecode.c.objc; path = "MBProgressHUD+MJ.m"; sourceTree = "<group>"; };
		3F1A4E6D19A8BB5E00CBF16C /* MBProgressHUD.bundle */ = {isa = PBXFileReference; lastKnownFileType = "wrapper.plug-in"; path = MBProgressHUD.bundle; sourceTree = "<group>"; };
		3F1A4E6E19A8BB5E00CBF16C /* MBProgressHUD.h */ = {isa = PBXFileReference; fileEncoding = 4; lastKnownFileType = sourcecode.c.h; path = MBProgressHUD.h; sourceTree = "<group>"; };
		3F1A4E6F19A8BB5E00CBF16C /* MBProgressHUD.m */ = {isa = PBXFileReference; fileEncoding = 4; lastKnownFileType = sourcecode.c.objc; path = MBProgressHUD.m; sourceTree = "<group>"; };
		3F1C3E8C19B6BE930085AAEF /* MJRefresh.bundle */ = {isa = PBXFileReference; lastKnownFileType = "wrapper.plug-in"; path = MJRefresh.bundle; sourceTree = "<group>"; };
		3F1C3E8D19B6BE930085AAEF /* MJRefresh.h */ = {isa = PBXFileReference; fileEncoding = 4; lastKnownFileType = sourcecode.c.h; path = MJRefresh.h; sourceTree = "<group>"; };
		3F1C3E8E19B6BE930085AAEF /* MJRefreshBaseView.h */ = {isa = PBXFileReference; fileEncoding = 4; lastKnownFileType = sourcecode.c.h; path = MJRefreshBaseView.h; sourceTree = "<group>"; };
		3F1C3E8F19B6BE930085AAEF /* MJRefreshBaseView.m */ = {isa = PBXFileReference; fileEncoding = 4; lastKnownFileType = sourcecode.c.objc; path = MJRefreshBaseView.m; sourceTree = "<group>"; };
		3F1C3E9019B6BE930085AAEF /* MJRefreshConst.h */ = {isa = PBXFileReference; fileEncoding = 4; lastKnownFileType = sourcecode.c.h; path = MJRefreshConst.h; sourceTree = "<group>"; };
		3F1C3E9119B6BE930085AAEF /* MJRefreshConst.m */ = {isa = PBXFileReference; fileEncoding = 4; lastKnownFileType = sourcecode.c.objc; path = MJRefreshConst.m; sourceTree = "<group>"; };
		3F1C3E9219B6BE930085AAEF /* MJRefreshFooterView.h */ = {isa = PBXFileReference; fileEncoding = 4; lastKnownFileType = sourcecode.c.h; path = MJRefreshFooterView.h; sourceTree = "<group>"; };
		3F1C3E9319B6BE930085AAEF /* MJRefreshFooterView.m */ = {isa = PBXFileReference; fileEncoding = 4; lastKnownFileType = sourcecode.c.objc; path = MJRefreshFooterView.m; sourceTree = "<group>"; };
		3F1C3E9419B6BE930085AAEF /* MJRefreshHeaderView.h */ = {isa = PBXFileReference; fileEncoding = 4; lastKnownFileType = sourcecode.c.h; path = MJRefreshHeaderView.h; sourceTree = "<group>"; };
		3F1C3E9519B6BE930085AAEF /* MJRefreshHeaderView.m */ = {isa = PBXFileReference; fileEncoding = 4; lastKnownFileType = sourcecode.c.objc; path = MJRefreshHeaderView.m; sourceTree = "<group>"; };
		3F1C3E9619B6BE930085AAEF /* UIScrollView+Extension.h */ = {isa = PBXFileReference; fileEncoding = 4; lastKnownFileType = sourcecode.c.h; path = "UIScrollView+Extension.h"; sourceTree = "<group>"; };
		3F1C3E9719B6BE930085AAEF /* UIScrollView+Extension.m */ = {isa = PBXFileReference; fileEncoding = 4; lastKnownFileType = sourcecode.c.objc; path = "UIScrollView+Extension.m"; sourceTree = "<group>"; };
		3F1C3E9819B6BE930085AAEF /* UIScrollView+MJRefresh.h */ = {isa = PBXFileReference; fileEncoding = 4; lastKnownFileType = sourcecode.c.h; path = "UIScrollView+MJRefresh.h"; sourceTree = "<group>"; };
		3F1C3E9919B6BE930085AAEF /* UIScrollView+MJRefresh.m */ = {isa = PBXFileReference; fileEncoding = 4; lastKnownFileType = sourcecode.c.objc; path = "UIScrollView+MJRefresh.m"; sourceTree = "<group>"; };
		3F1C3E9A19B6BE930085AAEF /* UIView+Extension.h */ = {isa = PBXFileReference; fileEncoding = 4; lastKnownFileType = sourcecode.c.h; path = "UIView+Extension.h"; sourceTree = "<group>"; };
		3F1C3E9B19B6BE930085AAEF /* UIView+Extension.m */ = {isa = PBXFileReference; fileEncoding = 4; lastKnownFileType = sourcecode.c.objc; path = "UIView+Extension.m"; sourceTree = "<group>"; };
		3F2C8C6A196E755D00F70C19 /* MyWeiBo.app */ = {isa = PBXFileReference; explicitFileType = wrapper.application; includeInIndex = 0; path = MyWeiBo.app; sourceTree = BUILT_PRODUCTS_DIR; };
		3F2C8C6D196E755D00F70C19 /* Foundation.framework */ = {isa = PBXFileReference; lastKnownFileType = wrapper.framework; name = Foundation.framework; path = System/Library/Frameworks/Foundation.framework; sourceTree = SDKROOT; };
		3F2C8C6F196E755D00F70C19 /* CoreGraphics.framework */ = {isa = PBXFileReference; lastKnownFileType = wrapper.framework; name = CoreGraphics.framework; path = System/Library/Frameworks/CoreGraphics.framework; sourceTree = SDKROOT; };
		3F2C8C71196E755D00F70C19 /* UIKit.framework */ = {isa = PBXFileReference; lastKnownFileType = wrapper.framework; name = UIKit.framework; path = System/Library/Frameworks/UIKit.framework; sourceTree = SDKROOT; };
		3F2C8C75196E755D00F70C19 /* MyWeiBo-Info.plist */ = {isa = PBXFileReference; lastKnownFileType = text.plist.xml; path = "MyWeiBo-Info.plist"; sourceTree = "<group>"; };
		3F2C8C77196E755D00F70C19 /* en */ = {isa = PBXFileReference; lastKnownFileType = text.plist.strings; name = en; path = en.lproj/InfoPlist.strings; sourceTree = "<group>"; };
		3F2C8C7F196E755D00F70C19 /* Images.xcassets */ = {isa = PBXFileReference; lastKnownFileType = folder.assetcatalog; path = Images.xcassets; sourceTree = "<group>"; };
		3F2C8C85196E755D00F70C19 /* MyWeiBoTests.xctest */ = {isa = PBXFileReference; explicitFileType = wrapper.cfbundle; includeInIndex = 0; path = MyWeiBoTests.xctest; sourceTree = BUILT_PRODUCTS_DIR; };
		3F2C8C8E196E755D00F70C19 /* MyWeiBoTests-Info.plist */ = {isa = PBXFileReference; lastKnownFileType = text.plist.xml; path = "MyWeiBoTests-Info.plist"; sourceTree = "<group>"; };
		3F2C8C90196E755D00F70C19 /* en */ = {isa = PBXFileReference; lastKnownFileType = text.plist.strings; name = en; path = en.lproj/InfoPlist.strings; sourceTree = "<group>"; };
		3F2C8C92196E755D00F70C19 /* MyWeiBoTests.m */ = {isa = PBXFileReference; lastKnownFileType = sourcecode.c.objc; path = MyWeiBoTests.m; sourceTree = "<group>"; };
		3F2C8CCA196E794000F70C19 /* QuartzCore.framework */ = {isa = PBXFileReference; lastKnownFileType = wrapper.framework; name = QuartzCore.framework; path = System/Library/Frameworks/QuartzCore.framework; sourceTree = SDKROOT; };
		3F2C8CCC196E7A0C00F70C19 /* CoreText.framework */ = {isa = PBXFileReference; lastKnownFileType = wrapper.framework; name = CoreText.framework; path = System/Library/Frameworks/CoreText.framework; sourceTree = SDKROOT; };
		3F35F0C519B751EF006242E4 /* new_feature_1-568h@2x.png */ = {isa = PBXFileReference; lastKnownFileType = image.png; name = "new_feature_1-568h@2x.png"; path = "Images.xcassets/Newfeature/new_feature_1.imageset/new_feature_1-568h@2x.png"; sourceTree = "<group>"; };
		3F35F0C719B751F5006242E4 /* new_feature_2-568h@2x.png */ = {isa = PBXFileReference; lastKnownFileType = image.png; name = "new_feature_2-568h@2x.png"; path = "Images.xcassets/Newfeature/new_feature_2.imageset/new_feature_2-568h@2x.png"; sourceTree = "<group>"; };
		3F35F0C919B75202006242E4 /* new_feature_3-568h@2x.png */ = {isa = PBXFileReference; lastKnownFileType = image.png; name = "new_feature_3-568h@2x.png"; path = "Images.xcassets/Newfeature/new_feature_3.imageset/new_feature_3-568h@2x.png"; sourceTree = "<group>"; };
		3F35F0CB19B75219006242E4 /* new_feature_background-568h@2x.png */ = {isa = PBXFileReference; lastKnownFileType = image.png; name = "new_feature_background-568h@2x.png"; path = "Images.xcassets/Newfeature/Image.imageset/new_feature_background-568h@2x.png"; sourceTree = "<group>"; };
		3F35F0CD19B76032006242E4 /* MyCommon.h */ = {isa = PBXFileReference; lastKnownFileType = sourcecode.c.h; path = MyCommon.h; sourceTree = "<group>"; };
		3F3E347019B1E2C90050E0B4 /* MyReweetStatusView.h */ = {isa = PBXFileReference; fileEncoding = 4; lastKnownFileType = sourcecode.c.h; path = MyReweetStatusView.h; sourceTree = "<group>"; };
		3F3E347119B1E2C90050E0B4 /* MyReweetStatusView.m */ = {isa = PBXFileReference; fileEncoding = 4; lastKnownFileType = sourcecode.c.objc; path = MyReweetStatusView.m; sourceTree = "<group>"; };
		3F3E347319B1EC220050E0B4 /* MyStatusTopView.h */ = {isa = PBXFileReference; fileEncoding = 4; lastKnownFileType = sourcecode.c.h; path = MyStatusTopView.h; sourceTree = "<group>"; };
		3F3E347419B1EC220050E0B4 /* MyStatusTopView.m */ = {isa = PBXFileReference; fileEncoding = 4; lastKnownFileType = sourcecode.c.objc; path = MyStatusTopView.m; sourceTree = "<group>"; };
		3F3E46C319AF784300158F92 /* NSDate+My.h */ = {isa = PBXFileReference; fileEncoding = 4; lastKnownFileType = sourcecode.c.h; path = "NSDate+My.h"; sourceTree = "<group>"; };
		3F3E46C419AF784300158F92 /* NSDate+My.m */ = {isa = PBXFileReference; fileEncoding = 4; lastKnownFileType = sourcecode.c.objc; path = "NSDate+My.m"; sourceTree = "<group>"; };
		3F643EA919B88CAA008A6DFD /* MyUnreadModel.h */ = {isa = PBXFileReference; fileEncoding = 4; lastKnownFileType = sourcecode.c.h; path = MyUnreadModel.h; sourceTree = "<group>"; };
		3F643EAA19B88CAA008A6DFD /* MyUnreadModel.m */ = {isa = PBXFileReference; fileEncoding = 4; lastKnownFileType = sourcecode.c.objc; path = MyUnreadModel.m; sourceTree = "<group>"; };
		3F69D46719A38D5700B4C422 /* UIImage+My.h */ = {isa = PBXFileReference; fileEncoding = 4; lastKnownFileType = sourcecode.c.h; path = "UIImage+My.h"; sourceTree = "<group>"; };
		3F69D46819A38D5700B4C422 /* UIImage+My.m */ = {isa = PBXFileReference; fileEncoding = 4; lastKnownFileType = sourcecode.c.objc; path = "UIImage+My.m"; sourceTree = "<group>"; };
		3F69D46A19A3936300B4C422 /* MyTabBar.h */ = {isa = PBXFileReference; fileEncoding = 4; lastKnownFileType = sourcecode.c.h; path = MyTabBar.h; sourceTree = "<group>"; };
		3F69D46B19A3936300B4C422 /* MyTabBar.m */ = {isa = PBXFileReference; fileEncoding = 4; lastKnownFileType = sourcecode.c.objc; path = MyTabBar.m; sourceTree = "<group>"; };
		3F6DAA5019B0A6C100870C3E /* MyStatusToolsBar.h */ = {isa = PBXFileReference; fileEncoding = 4; lastKnownFileType = sourcecode.c.h; path = MyStatusToolsBar.h; sourceTree = "<group>"; };
		3F6DAA5119B0A6C100870C3E /* MyStatusToolsBar.m */ = {isa = PBXFileReference; fileEncoding = 4; lastKnownFileType = sourcecode.c.objc; path = MyStatusToolsBar.m; sourceTree = "<group>"; };
		3F7A511219AABD1000C04E5F /* MyStatusesModel.h */ = {isa = PBXFileReference; fileEncoding = 4; lastKnownFileType = sourcecode.c.h; path = MyStatusesModel.h; sourceTree = "<group>"; };
		3F7A511319AABD1000C04E5F /* MyStatusesModel.m */ = {isa = PBXFileReference; fileEncoding = 4; lastKnownFileType = sourcecode.c.objc; path = MyStatusesModel.m; sourceTree = "<group>"; };
		3F7A511519AAC15E00C04E5F /* MyUser.h */ = {isa = PBXFileReference; fileEncoding = 4; lastKnownFileType = sourcecode.c.h; path = MyUser.h; sourceTree = "<group>"; };
		3F7A511619AAC15E00C04E5F /* MyUser.m */ = {isa = PBXFileReference; fileEncoding = 4; lastKnownFileType = sourcecode.c.objc; path = MyUser.m; sourceTree = "<group>"; };
		3F8887DB19A587D200CF786C /* MyNavgationViewController.h */ = {isa = PBXFileReference; fileEncoding = 4; lastKnownFileType = sourcecode.c.h; path = MyNavgationViewController.h; sourceTree = "<group>"; };
		3F8887DC19A587D200CF786C /* MyNavgationViewController.m */ = {isa = PBXFileReference; fileEncoding = 4; lastKnownFileType = sourcecode.c.objc; path = MyNavgationViewController.m; sourceTree = "<group>"; };
		3F89CD7219A5029000107F00 /* MyBadgeButton.h */ = {isa = PBXFileReference; fileEncoding = 4; lastKnownFileType = sourcecode.c.h; path = MyBadgeButton.h; sourceTree = "<group>"; };
		3F89CD7319A5029000107F00 /* MyBadgeButton.m */ = {isa = PBXFileReference; fileEncoding = 4; lastKnownFileType = sourcecode.c.objc; path = MyBadgeButton.m; sourceTree = "<group>"; };
		3F8B7CEF19A5E52100D32E31 /* UIBarButtonItem+My.h */ = {isa = PBXFileReference; fileEncoding = 4; lastKnownFileType = sourcecode.c.h; path = "UIBarButtonItem+My.h"; sourceTree = "<group>"; };
		3F8B7CF019A5E52100D32E31 /* UIBarButtonItem+My.m */ = {isa = PBXFileReference; fileEncoding = 4; lastKnownFileType = sourcecode.c.objc; path = "UIBarButtonItem+My.m"; sourceTree = "<group>"; };
		3F8B7CF219A5EEB800D32E31 /* MySearchBar.h */ = {isa = PBXFileReference; fileEncoding = 4; lastKnownFileType = sourcecode.c.h; path = MySearchBar.h; sourceTree = "<group>"; };
		3F8B7CF319A5EEB800D32E31 /* MySearchBar.m */ = {isa = PBXFileReference; fileEncoding = 4; lastKnownFileType = sourcecode.c.objc; path = MySearchBar.m; sourceTree = "<group>"; };
		3F8B7CF519A6184A00D32E31 /* MyTitleButton.h */ = {isa = PBXFileReference; fileEncoding = 4; lastKnownFileType = sourcecode.c.h; path = MyTitleButton.h; sourceTree = "<group>"; };
		3F8B7CF619A6184A00D32E31 /* MyTitleButton.m */ = {isa = PBXFileReference; fileEncoding = 4; lastKnownFileType = sourcecode.c.objc; path = MyTitleButton.m; sourceTree = "<group>"; };
		3F98308C19AAFD8500E39C8D /* MKAnnotationView+WebCache.h */ = {isa = PBXFileReference; fileEncoding = 4; lastKnownFileType = sourcecode.c.h; path = "MKAnnotationView+WebCache.h"; sourceTree = "<group>"; };
		3F98308D19AAFD8500E39C8D /* MKAnnotationView+WebCache.m */ = {isa = PBXFileReference; fileEncoding = 4; lastKnownFileType = sourcecode.c.objc; path = "MKAnnotationView+WebCache.m"; sourceTree = "<group>"; };
		3F98308E19AAFD8500E39C8D /* NSData+ImageContentType.h */ = {isa = PBXFileReference; fileEncoding = 4; lastKnownFileType = sourcecode.c.h; path = "NSData+ImageContentType.h"; sourceTree = "<group>"; };
		3F98308F19AAFD8500E39C8D /* NSData+ImageContentType.m */ = {isa = PBXFileReference; fileEncoding = 4; lastKnownFileType = sourcecode.c.objc; path = "NSData+ImageContentType.m"; sourceTree = "<group>"; };
		3F98309019AAFD8500E39C8D /* SDImageCache.h */ = {isa = PBXFileReference; fileEncoding = 4; lastKnownFileType = sourcecode.c.h; path = SDImageCache.h; sourceTree = "<group>"; };
		3F98309119AAFD8500E39C8D /* SDImageCache.m */ = {isa = PBXFileReference; fileEncoding = 4; lastKnownFileType = sourcecode.c.objc; path = SDImageCache.m; sourceTree = "<group>"; };
		3F98309219AAFD8500E39C8D /* SDWebImageCompat.h */ = {isa = PBXFileReference; fileEncoding = 4; lastKnownFileType = sourcecode.c.h; path = SDWebImageCompat.h; sourceTree = "<group>"; };
		3F98309319AAFD8500E39C8D /* SDWebImageCompat.m */ = {isa = PBXFileReference; fileEncoding = 4; lastKnownFileType = sourcecode.c.objc; path = SDWebImageCompat.m; sourceTree = "<group>"; };
		3F98309419AAFD8500E39C8D /* SDWebImageDecoder.h */ = {isa = PBXFileReference; fileEncoding = 4; lastKnownFileType = sourcecode.c.h; path = SDWebImageDecoder.h; sourceTree = "<group>"; };
		3F98309519AAFD8500E39C8D /* SDWebImageDecoder.m */ = {isa = PBXFileReference; fileEncoding = 4; lastKnownFileType = sourcecode.c.objc; path = SDWebImageDecoder.m; sourceTree = "<group>"; };
		3F98309619AAFD8500E39C8D /* SDWebImageDownloader.h */ = {isa = PBXFileReference; fileEncoding = 4; lastKnownFileType = sourcecode.c.h; path = SDWebImageDownloader.h; sourceTree = "<group>"; };
		3F98309719AAFD8500E39C8D /* SDWebImageDownloader.m */ = {isa = PBXFileReference; fileEncoding = 4; lastKnownFileType = sourcecode.c.objc; path = SDWebImageDownloader.m; sourceTree = "<group>"; };
		3F98309819AAFD8500E39C8D /* SDWebImageDownloaderOperation.h */ = {isa = PBXFileReference; fileEncoding = 4; lastKnownFileType = sourcecode.c.h; path = SDWebImageDownloaderOperation.h; sourceTree = "<group>"; };
		3F98309919AAFD8500E39C8D /* SDWebImageDownloaderOperation.m */ = {isa = PBXFileReference; fileEncoding = 4; lastKnownFileType = sourcecode.c.objc; path = SDWebImageDownloaderOperation.m; sourceTree = "<group>"; };
		3F98309A19AAFD8500E39C8D /* SDWebImageManager.h */ = {isa = PBXFileReference; fileEncoding = 4; lastKnownFileType = sourcecode.c.h; path = SDWebImageManager.h; sourceTree = "<group>"; };
		3F98309B19AAFD8500E39C8D /* SDWebImageManager.m */ = {isa = PBXFileReference; fileEncoding = 4; lastKnownFileType = sourcecode.c.objc; path = SDWebImageManager.m; sourceTree = "<group>"; };
		3F98309C19AAFD8500E39C8D /* SDWebImageOperation.h */ = {isa = PBXFileReference; fileEncoding = 4; lastKnownFileType = sourcecode.c.h; path = SDWebImageOperation.h; sourceTree = "<group>"; };
		3F98309D19AAFD8500E39C8D /* SDWebImagePrefetcher.h */ = {isa = PBXFileReference; fileEncoding = 4; lastKnownFileType = sourcecode.c.h; path = SDWebImagePrefetcher.h; sourceTree = "<group>"; };
		3F98309E19AAFD8500E39C8D /* SDWebImagePrefetcher.m */ = {isa = PBXFileReference; fileEncoding = 4; lastKnownFileType = sourcecode.c.objc; path = SDWebImagePrefetcher.m; sourceTree = "<group>"; };
		3F98309F19AAFD8500E39C8D /* UIButton+WebCache.h */ = {isa = PBXFileReference; fileEncoding = 4; lastKnownFileType = sourcecode.c.h; path = "UIButton+WebCache.h"; sourceTree = "<group>"; };
		3F9830A019AAFD8500E39C8D /* UIButton+WebCache.m */ = {isa = PBXFileReference; fileEncoding = 4; lastKnownFileType = sourcecode.c.objc; path = "UIButton+WebCache.m"; sourceTree = "<group>"; };
		3F9830A119AAFD8500E39C8D /* UIImage+GIF.h */ = {isa = PBXFileReference; fileEncoding = 4; lastKnownFileType = sourcecode.c.h; path = "UIImage+GIF.h"; sourceTree = "<group>"; };
		3F9830A219AAFD8500E39C8D /* UIImage+GIF.m */ = {isa = PBXFileReference; fileEncoding = 4; lastKnownFileType = sourcecode.c.objc; path = "UIImage+GIF.m"; sourceTree = "<group>"; };
		3F9830A319AAFD8500E39C8D /* UIImage+MultiFormat.h */ = {isa = PBXFileReference; fileEncoding = 4; lastKnownFileType = sourcecode.c.h; path = "UIImage+MultiFormat.h"; sourceTree = "<group>"; };
		3F9830A419AAFD8500E39C8D /* UIImage+MultiFormat.m */ = {isa = PBXFileReference; fileEncoding = 4; lastKnownFileType = sourcecode.c.objc; path = "UIImage+MultiFormat.m"; sourceTree = "<group>"; };
		3F9830A519AAFD8500E39C8D /* UIImage+WebP.h */ = {isa = PBXFileReference; fileEncoding = 4; lastKnownFileType = sourcecode.c.h; path = "UIImage+WebP.h"; sourceTree = "<group>"; };
		3F9830A619AAFD8500E39C8D /* UIImage+WebP.m */ = {isa = PBXFileReference; fileEncoding = 4; lastKnownFileType = sourcecode.c.objc; path = "UIImage+WebP.m"; sourceTree = "<group>"; };
		3F9830A719AAFD8500E39C8D /* UIImageView+HighlightedWebCache.h */ = {isa = PBXFileReference; fileEncoding = 4; lastKnownFileType = sourcecode.c.h; path = "UIImageView+HighlightedWebCache.h"; sourceTree = "<group>"; };
		3F9830A819AAFD8500E39C8D /* UIImageView+HighlightedWebCache.m */ = {isa = PBXFileReference; fileEncoding = 4; lastKnownFileType = sourcecode.c.objc; path = "UIImageView+HighlightedWebCache.m"; sourceTree = "<group>"; };
		3F9830A919AAFD8500E39C8D /* UIImageView+WebCache.h */ = {isa = PBXFileReference; fileEncoding = 4; lastKnownFileType = sourcecode.c.h; path = "UIImageView+WebCache.h"; sourceTree = "<group>"; };
		3F9830AA19AAFD8500E39C8D /* UIImageView+WebCache.m */ = {isa = PBXFileReference; fileEncoding = 4; lastKnownFileType = sourcecode.c.objc; path = "UIImageView+WebCache.m"; sourceTree = "<group>"; };
		3F9830AB19AAFD8500E39C8D /* UIView+WebCacheOperation.h */ = {isa = PBXFileReference; fileEncoding = 4; lastKnownFileType = sourcecode.c.h; path = "UIView+WebCacheOperation.h"; sourceTree = "<group>"; };
		3F9830AC19AAFD8500E39C8D /* UIView+WebCacheOperation.m */ = {isa = PBXFileReference; fileEncoding = 4; lastKnownFileType = sourcecode.c.objc; path = "UIView+WebCacheOperation.m"; sourceTree = "<group>"; };
		3F9830F019AB0CC600E39C8D /* MJArgument.h */ = {isa = PBXFileReference; fileEncoding = 4; lastKnownFileType = sourcecode.c.h; path = MJArgument.h; sourceTree = "<group>"; };
		3F9830F119AB0CC600E39C8D /* MJArgument.m */ = {isa = PBXFileReference; fileEncoding = 4; lastKnownFileType = sourcecode.c.objc; path = MJArgument.m; sourceTree = "<group>"; };
		3F9830F219AB0CC600E39C8D /* MJConst.h */ = {isa = PBXFileReference; fileEncoding = 4; lastKnownFileType = sourcecode.c.h; path = MJConst.h; sourceTree = "<group>"; };
		3F9830F319AB0CC600E39C8D /* MJConst.m */ = {isa = PBXFileReference; fileEncoding = 4; lastKnownFileType = sourcecode.c.objc; path = MJConst.m; sourceTree = "<group>"; };
		3F9830F419AB0CC600E39C8D /* MJExtension.h */ = {isa = PBXFileReference; fileEncoding = 4; lastKnownFileType = sourcecode.c.h; path = MJExtension.h; sourceTree = "<group>"; };
		3F9830F519AB0CC600E39C8D /* MJFoundation.h */ = {isa = PBXFileReference; fileEncoding = 4; lastKnownFileType = sourcecode.c.h; path = MJFoundation.h; sourceTree = "<group>"; };
		3F9830F619AB0CC600E39C8D /* MJFoundation.m */ = {isa = PBXFileReference; fileEncoding = 4; lastKnownFileType = sourcecode.c.objc; path = MJFoundation.m; sourceTree = "<group>"; };
		3F9830F719AB0CC600E39C8D /* MJIvar.h */ = {isa = PBXFileReference; fileEncoding = 4; lastKnownFileType = sourcecode.c.h; path = MJIvar.h; sourceTree = "<group>"; };
		3F9830F819AB0CC600E39C8D /* MJIvar.m */ = {isa = PBXFileReference; fileEncoding = 4; lastKnownFileType = sourcecode.c.objc; path = MJIvar.m; sourceTree = "<group>"; };
		3F9830F919AB0CC600E39C8D /* MJMember.h */ = {isa = PBXFileReference; fileEncoding = 4; lastKnownFileType = sourcecode.c.h; path = MJMember.h; sourceTree = "<group>"; };
		3F9830FA19AB0CC600E39C8D /* MJMember.m */ = {isa = PBXFileReference; fileEncoding = 4; lastKnownFileType = sourcecode.c.objc; path = MJMember.m; sourceTree = "<group>"; };
		3F9830FB19AB0CC600E39C8D /* MJMethod.h */ = {isa = PBXFileReference; fileEncoding = 4; lastKnownFileType = sourcecode.c.h; path = MJMethod.h; sourceTree = "<group>"; };
		3F9830FC19AB0CC600E39C8D /* MJMethod.m */ = {isa = PBXFileReference; fileEncoding = 4; lastKnownFileType = sourcecode.c.objc; path = MJMethod.m; sourceTree = "<group>"; };
		3F9830FD19AB0CC600E39C8D /* MJType.h */ = {isa = PBXFileReference; fileEncoding = 4; lastKnownFileType = sourcecode.c.h; path = MJType.h; sourceTree = "<group>"; };
		3F9830FE19AB0CC600E39C8D /* MJType.m */ = {isa = PBXFileReference; fileEncoding = 4; lastKnownFileType = sourcecode.c.objc; path = MJType.m; sourceTree = "<group>"; };
		3F9830FF19AB0CC600E39C8D /* MJTypeEncoding.h */ = {isa = PBXFileReference; fileEncoding = 4; lastKnownFileType = sourcecode.c.h; path = MJTypeEncoding.h; sourceTree = "<group>"; };
		3F98310019AB0CC600E39C8D /* MJTypeEncoding.m */ = {isa = PBXFileReference; fileEncoding = 4; lastKnownFileType = sourcecode.c.objc; path = MJTypeEncoding.m; sourceTree = "<group>"; };
		3F98310119AB0CC600E39C8D /* NSObject+MJCoding.h */ = {isa = PBXFileReference; fileEncoding = 4; lastKnownFileType = sourcecode.c.h; path = "NSObject+MJCoding.h"; sourceTree = "<group>"; };
		3F98310219AB0CC600E39C8D /* NSObject+MJCoding.m */ = {isa = PBXFileReference; fileEncoding = 4; lastKnownFileType = sourcecode.c.objc; path = "NSObject+MJCoding.m"; sourceTree = "<group>"; };
		3F98310319AB0CC600E39C8D /* NSObject+MJKeyValue.h */ = {isa = PBXFileReference; fileEncoding = 4; lastKnownFileType = sourcecode.c.h; path = "NSObject+MJKeyValue.h"; sourceTree = "<group>"; };
		3F98310419AB0CC600E39C8D /* NSObject+MJKeyValue.m */ = {isa = PBXFileReference; fileEncoding = 4; lastKnownFileType = sourcecode.c.objc; path = "NSObject+MJKeyValue.m"; sourceTree = "<group>"; };
		3F98310519AB0CC600E39C8D /* NSObject+MJMember.h */ = {isa = PBXFileReference; fileEncoding = 4; lastKnownFileType = sourcecode.c.h; path = "NSObject+MJMember.h"; sourceTree = "<group>"; };
		3F98310619AB0CC600E39C8D /* NSObject+MJMember.m */ = {isa = PBXFileReference; fileEncoding = 4; lastKnownFileType = sourcecode.c.objc; path = "NSObject+MJMember.m"; sourceTree = "<group>"; };
		3FA86CCB19AC7495006166BE /* MyStatusesCell.h */ = {isa = PBXFileReference; fileEncoding = 4; lastKnownFileType = sourcecode.c.h; path = MyStatusesCell.h; sourceTree = "<group>"; };
		3FA86CCC19AC7495006166BE /* MyStatusesCell.m */ = {isa = PBXFileReference; fileEncoding = 4; lastKnownFileType = sourcecode.c.objc; path = MyStatusesCell.m; sourceTree = "<group>"; };
		3FA86CCE19AC7D6D006166BE /* MyStatusesFrame.h */ = {isa = PBXFileReference; fileEncoding = 4; lastKnownFileType = sourcecode.c.h; path = MyStatusesFrame.h; sourceTree = "<group>"; };
		3FA86CCF19AC7D6D006166BE /* MyStatusesFrame.m */ = {isa = PBXFileReference; fileEncoding = 4; lastKnownFileType = sourcecode.c.objc; path = MyStatusesFrame.m; sourceTree = "<group>"; };
		3FAC06F119A712BC00346013 /* MyAccount.h */ = {isa = PBXFileReference; fileEncoding = 4; lastKnownFileType = sourcecode.c.h; path = MyAccount.h; sourceTree = "<group>"; };
		3FAC06F219A712BC00346013 /* MyAccount.m */ = {isa = PBXFileReference; fileEncoding = 4; lastKnownFileType = sourcecode.c.objc; path = MyAccount.m; sourceTree = "<group>"; };
		3FCCD3CF19B7FCCB00441623 /* MyComposeViewController.h */ = {isa = PBXFileReference; fileEncoding = 4; lastKnownFileType = sourcecode.c.h; path = MyComposeViewController.h; sourceTree = "<group>"; };
		3FCCD3D019B7FCCB00441623 /* MyComposeViewController.m */ = {isa = PBXFileReference; fileEncoding = 4; lastKnownFileType = sourcecode.c.objc; path = MyComposeViewController.m; sourceTree = "<group>"; };
		3FE08C4F19A3B1C900776983 /* MyTabBarButton.h */ = {isa = PBXFileReference; fileEncoding = 4; lastKnownFileType = sourcecode.c.h; path = MyTabBarButton.h; sourceTree = "<group>"; };
		3FE08C5019A3B1C900776983 /* MyTabBarButton.m */ = {isa = PBXFileReference; fileEncoding = 4; lastKnownFileType = sourcecode.c.objc; path = MyTabBarButton.m; sourceTree = "<group>"; };
/* End PBXFileReference section */

/* Begin PBXFrameworksBuildPhase section */
		3F2C8C67196E755D00F70C19 /* Frameworks */ = {
			isa = PBXFrameworksBuildPhase;
			buildActionMask = 2147483647;
			files = (
				3F2C8CCD196E7A0C00F70C19 /* CoreText.framework in Frameworks */,
				3F2C8CCB196E794000F70C19 /* QuartzCore.framework in Frameworks */,
				3F2C8C70196E755D00F70C19 /* CoreGraphics.framework in Frameworks */,
				3F2C8C72196E755D00F70C19 /* UIKit.framework in Frameworks */,
				3F2C8C6E196E755D00F70C19 /* Foundation.framework in Frameworks */,
			);
			runOnlyForDeploymentPostprocessing = 0;
		};
		3F2C8C82196E755D00F70C19 /* Frameworks */ = {
			isa = PBXFrameworksBuildPhase;
			buildActionMask = 2147483647;
			files = (
				3F2C8C89196E755D00F70C19 /* UIKit.framework in Frameworks */,
				3F2C8C88196E755D00F70C19 /* Foundation.framework in Frameworks */,
			);
			runOnlyForDeploymentPostprocessing = 0;
		};
/* End PBXFrameworksBuildPhase section */

/* Begin PBXGroup section */
		3F014D6A19A6DC5E009840BF /* OAuth(授权) */ = {
			isa = PBXGroup;
			children = (
				3F07378519A7397A008FD8FA /* Tools */,
				3F014D6B19A6DC5E009840BF /* Controller */,
				3F014D6C19A6DC5E009840BF /* Model */,
				3F014D6D19A6DC5E009840BF /* View */,
			);
			path = "OAuth(授权)";
			sourceTree = "<group>";
		};
		3F014D6B19A6DC5E009840BF /* Controller */ = {
			isa = PBXGroup;
			children = (
				3F014D6E19A6DC8E009840BF /* OAuthViewController.h */,
				3F014D6F19A6DC8E009840BF /* OAuthViewController.m */,
			);
			path = Controller;
			sourceTree = "<group>";
		};
		3F014D6C19A6DC5E009840BF /* Model */ = {
			isa = PBXGroup;
			children = (
				3FAC06F119A712BC00346013 /* MyAccount.h */,
				3FAC06F219A712BC00346013 /* MyAccount.m */,
			);
			path = Model;
			sourceTree = "<group>";
		};
		3F014D6D19A6DC5E009840BF /* View */ = {
			isa = PBXGroup;
			children = (
			);
			path = View;
			sourceTree = "<group>";
		};
		3F014D7119A6F1D2009840BF /* lib(第三方类库) */ = {
			isa = PBXGroup;
			children = (
				3F1C3E8B19B6BE930085AAEF /* MJRefresh */,
				3F9830EF19AB0CC600E39C8D /* MJExtension */,
				3F98308B19AAFD8500E39C8D /* SDWebImage */,
				3F1A4E6A19A8BB5E00CBF16C /* MBProgressHUD */,
				3F014D7219A6F1D2009840BF /* AFNetworking */,
			);
			path = "lib(第三方类库)";
			sourceTree = "<group>";
		};
		3F014D7219A6F1D2009840BF /* AFNetworking */ = {
			isa = PBXGroup;
			children = (
				3F014D7319A6F1D2009840BF /* AFHTTPRequestOperation.h */,
				3F014D7419A6F1D2009840BF /* AFHTTPRequestOperation.m */,
				3F014D7519A6F1D2009840BF /* AFHTTPRequestOperationManager.h */,
				3F014D7619A6F1D2009840BF /* AFHTTPRequestOperationManager.m */,
				3F014D7719A6F1D2009840BF /* AFHTTPSessionManager.h */,
				3F014D7819A6F1D2009840BF /* AFHTTPSessionManager.m */,
				3F014D7919A6F1D2009840BF /* AFNetworking.h */,
				3F014D7A19A6F1D2009840BF /* AFNetworkReachabilityManager.h */,
				3F014D7B19A6F1D2009840BF /* AFNetworkReachabilityManager.m */,
				3F014D7C19A6F1D2009840BF /* AFSecurityPolicy.h */,
				3F014D7D19A6F1D2009840BF /* AFSecurityPolicy.m */,
				3F014D7E19A6F1D2009840BF /* AFURLConnectionOperation.h */,
				3F014D7F19A6F1D2009840BF /* AFURLConnectionOperation.m */,
				3F014D8019A6F1D2009840BF /* AFURLRequestSerialization.h */,
				3F014D8119A6F1D2009840BF /* AFURLRequestSerialization.m */,
				3F014D8219A6F1D2009840BF /* AFURLResponseSerialization.h */,
				3F014D8319A6F1D2009840BF /* AFURLResponseSerialization.m */,
				3F014D8419A6F1D2009840BF /* AFURLSessionManager.h */,
				3F014D8519A6F1D2009840BF /* AFURLSessionManager.m */,
			);
			path = AFNetworking;
			sourceTree = "<group>";
		};
		3F07378519A7397A008FD8FA /* Tools */ = {
			isa = PBXGroup;
			children = (
				3F07378619A7398B008FD8FA /* MyAccountTools.h */,
				3F07378719A7398B008FD8FA /* MyAccountTools.m */,
			);
			path = Tools;
			sourceTree = "<group>";
		};
		3F0C384219A6C8B800B390C7 /* Controller */ = {
			isa = PBXGroup;
			children = (
				3F0C384319A6C8B800B390C7 /* MyNewFeatureViewController.h */,
				3F0C384419A6C8B800B390C7 /* MyNewFeatureViewController.m */,
			);
			path = Controller;
			sourceTree = "<group>";
		};
		3F0DACE219A38C5B00443A9E /* Classes */ = {
			isa = PBXGroup;
			children = (
				3F014D6A19A6DC5E009840BF /* OAuth(授权) */,
				3F8B7CF819A626F500D32E31 /* NewFeature(版本新特性) */,
				3F0DACE919A38C5B00443A9E /* Home(首页) */,
				3F0DACE319A38C5B00443A9E /* Discover(广场) */,
				3F0DACEF19A38C5B00443A9E /* Main(主要) */,
				3F0DACF519A38C5B00443A9E /* Me(个人) */,
				3FCCD3CB19B7F60800441623 /* Compose(发微博) */,
				3F0DACFB19A38C5B00443A9E /* Message(消息) */,
				3F0DAD0119A38C5B00443A9E /* Others(其他) */,
			);
			path = Classes;
			sourceTree = "<group>";
		};
		3F0DACE319A38C5B00443A9E /* Discover(广场) */ = {
			isa = PBXGroup;
			children = (
				3F0DACE419A38C5B00443A9E /* Controller */,
				3F0DACE719A38C5B00443A9E /* Model */,
				3F0DACE819A38C5B00443A9E /* View */,
			);
			path = "Discover(广场)";
			sourceTree = "<group>";
		};
		3F0DACE419A38C5B00443A9E /* Controller */ = {
			isa = PBXGroup;
			children = (
				3F0DACE519A38C5B00443A9E /* DiscoverViewController.h */,
				3F0DACE619A38C5B00443A9E /* DiscoverViewController.m */,
			);
			path = Controller;
			sourceTree = "<group>";
		};
		3F0DACE719A38C5B00443A9E /* Model */ = {
			isa = PBXGroup;
			children = (
			);
			path = Model;
			sourceTree = "<group>";
		};
		3F0DACE819A38C5B00443A9E /* View */ = {
			isa = PBXGroup;
			children = (
				3F8B7CF219A5EEB800D32E31 /* MySearchBar.h */,
				3F8B7CF319A5EEB800D32E31 /* MySearchBar.m */,
			);
			path = View;
			sourceTree = "<group>";
		};
		3F0DACE919A38C5B00443A9E /* Home(首页) */ = {
			isa = PBXGroup;
			children = (
				3F0DACEA19A38C5B00443A9E /* Controller */,
				3F0DACED19A38C5B00443A9E /* Model */,
				3F0DACEE19A38C5B00443A9E /*   */,
			);
			path = "Home(首页)";
			sourceTree = "<group>";
		};
		3F0DACEA19A38C5B00443A9E /* Controller */ = {
			isa = PBXGroup;
			children = (
				3F0DACEB19A38C5B00443A9E /* HomeViewController.h */,
				3F0DACEC19A38C5B00443A9E /* HomeViewController.m */,
			);
			path = Controller;
			sourceTree = "<group>";
		};
		3F0DACED19A38C5B00443A9E /* Model */ = {
			isa = PBXGroup;
			children = (
				3F7A511219AABD1000C04E5F /* MyStatusesModel.h */,
				3F7A511319AABD1000C04E5F /* MyStatusesModel.m */,
				3FA86CCE19AC7D6D006166BE /* MyStatusesFrame.h */,
				3FA86CCF19AC7D6D006166BE /* MyStatusesFrame.m */,
				3F7A511519AAC15E00C04E5F /* MyUser.h */,
				3F7A511619AAC15E00C04E5F /* MyUser.m */,
				3F643EA919B88CAA008A6DFD /* MyUnreadModel.h */,
				3F643EAA19B88CAA008A6DFD /* MyUnreadModel.m */,
			);
			path = Model;
			sourceTree = "<group>";
		};
		3F0DACEE19A38C5B00443A9E /*   */ = {
			isa = PBXGroup;
			children = (
				3F8B7CF519A6184A00D32E31 /* MyTitleButton.h */,
				3F8B7CF619A6184A00D32E31 /* MyTitleButton.m */,
				3FA86CCB19AC7495006166BE /* MyStatusesCell.h */,
				3FA86CCC19AC7495006166BE /* MyStatusesCell.m */,
				3F6DAA5019B0A6C100870C3E /* MyStatusToolsBar.h */,
				3F6DAA5119B0A6C100870C3E /* MyStatusToolsBar.m */,
				3F3E347019B1E2C90050E0B4 /* MyReweetStatusView.h */,
				3F3E347119B1E2C90050E0B4 /* MyReweetStatusView.m */,
				3F3E347319B1EC220050E0B4 /* MyStatusTopView.h */,
				3F3E347419B1EC220050E0B4 /* MyStatusTopView.m */,
			);
			name = " ";
			path = View;
			sourceTree = "<group>";
		};
		3F0DACEF19A38C5B00443A9E /* Main(主要) */ = {
			isa = PBXGroup;
			children = (
				3F0DACF019A38C5B00443A9E /* Controller */,
				3F0DACF319A38C5B00443A9E /* Model */,
				3F0DACF419A38C5B00443A9E /* View */,
			);
			path = "Main(主要)";
			sourceTree = "<group>";
		};
		3F0DACF019A38C5B00443A9E /* Controller */ = {
			isa = PBXGroup;
			children = (
				3F0DACF119A38C5B00443A9E /* TabBarViewController.h */,
				3F0DACF219A38C5B00443A9E /* TabBarViewController.m */,
				3F8887DB19A587D200CF786C /* MyNavgationViewController.h */,
				3F8887DC19A587D200CF786C /* MyNavgationViewController.m */,
			);
			path = Controller;
			sourceTree = "<group>";
		};
		3F0DACF319A38C5B00443A9E /* Model */ = {
			isa = PBXGroup;
			children = (
			);
			path = Model;
			sourceTree = "<group>";
		};
		3F0DACF419A38C5B00443A9E /* View */ = {
			isa = PBXGroup;
			children = (
				3F69D46A19A3936300B4C422 /* MyTabBar.h */,
				3F69D46B19A3936300B4C422 /* MyTabBar.m */,
				3FE08C4F19A3B1C900776983 /* MyTabBarButton.h */,
				3FE08C5019A3B1C900776983 /* MyTabBarButton.m */,
				3F89CD7219A5029000107F00 /* MyBadgeButton.h */,
				3F89CD7319A5029000107F00 /* MyBadgeButton.m */,
			);
			path = View;
			sourceTree = "<group>";
		};
		3F0DACF519A38C5B00443A9E /* Me(个人) */ = {
			isa = PBXGroup;
			children = (
				3F0DACF619A38C5B00443A9E /* Controller */,
				3F0DACF919A38C5B00443A9E /* Model */,
				3F0DACFA19A38C5B00443A9E /* View */,
			);
			path = "Me(个人)";
			sourceTree = "<group>";
		};
		3F0DACF619A38C5B00443A9E /* Controller */ = {
			isa = PBXGroup;
			children = (
				3F0DACF719A38C5B00443A9E /* MeViewController.h */,
				3F0DACF819A38C5B00443A9E /* MeViewController.m */,
			);
			path = Controller;
			sourceTree = "<group>";
		};
		3F0DACF919A38C5B00443A9E /* Model */ = {
			isa = PBXGroup;
			children = (
			);
			path = Model;
			sourceTree = "<group>";
		};
		3F0DACFA19A38C5B00443A9E /* View */ = {
			isa = PBXGroup;
			children = (
			);
			path = View;
			sourceTree = "<group>";
		};
		3F0DACFB19A38C5B00443A9E /* Message(消息) */ = {
			isa = PBXGroup;
			children = (
				3F0DACFC19A38C5B00443A9E /* Controller */,
				3F0DACFF19A38C5B00443A9E /* Model */,
				3F0DAD0019A38C5B00443A9E /* View */,
			);
			path = "Message(消息)";
			sourceTree = "<group>";
		};
		3F0DACFC19A38C5B00443A9E /* Controller */ = {
			isa = PBXGroup;
			children = (
				3F0DACFD19A38C5B00443A9E /* MessageViewController.h */,
				3F0DACFE19A38C5B00443A9E /* MessageViewController.m */,
			);
			path = Controller;
			sourceTree = "<group>";
		};
		3F0DACFF19A38C5B00443A9E /* Model */ = {
			isa = PBXGroup;
			children = (
			);
			path = Model;
			sourceTree = "<group>";
		};
		3F0DAD0019A38C5B00443A9E /* View */ = {
			isa = PBXGroup;
			children = (
			);
			path = View;
			sourceTree = "<group>";
		};
		3F0DAD0119A38C5B00443A9E /* Others(其他) */ = {
			isa = PBXGroup;
			children = (
				3F014D7119A6F1D2009840BF /* lib(第三方类库) */,
				3F69D46619A38D1200B4C422 /* Category */,
				3F0DAD0219A38C5B00443A9E /* AppDelegate.h */,
				3F0DAD0319A38C5B00443A9E /* AppDelegate.m */,
				3F07378219A7370D008FD8FA /* MyWeiBoTools.h */,
				3F07378319A7370D008FD8FA /* MyWeiBoTools.m */,
				3F0DAD0419A38C5B00443A9E /* main.m */,
				3F0DAD0519A38C5B00443A9E /* MyWeiBo-Prefix.pch */,
				3F35F0CD19B76032006242E4 /* MyCommon.h */,
			);
			path = "Others(其他)";
			sourceTree = "<group>";
		};
		3F1A4E6A19A8BB5E00CBF16C /* MBProgressHUD */ = {
			isa = PBXGroup;
			children = (
				3F1A4E6B19A8BB5E00CBF16C /* MBProgressHUD+MJ.h */,
				3F1A4E6C19A8BB5E00CBF16C /* MBProgressHUD+MJ.m */,
				3F1A4E6D19A8BB5E00CBF16C /* MBProgressHUD.bundle */,
				3F1A4E6E19A8BB5E00CBF16C /* MBProgressHUD.h */,
				3F1A4E6F19A8BB5E00CBF16C /* MBProgressHUD.m */,
			);
			path = MBProgressHUD;
			sourceTree = "<group>";
		};
		3F1C3E8B19B6BE930085AAEF /* MJRefresh */ = {
			isa = PBXGroup;
			children = (
				3F1C3E8C19B6BE930085AAEF /* MJRefresh.bundle */,
				3F1C3E8D19B6BE930085AAEF /* MJRefresh.h */,
				3F1C3E8E19B6BE930085AAEF /* MJRefreshBaseView.h */,
				3F1C3E8F19B6BE930085AAEF /* MJRefreshBaseView.m */,
				3F1C3E9019B6BE930085AAEF /* MJRefreshConst.h */,
				3F1C3E9119B6BE930085AAEF /* MJRefreshConst.m */,
				3F1C3E9219B6BE930085AAEF /* MJRefreshFooterView.h */,
				3F1C3E9319B6BE930085AAEF /* MJRefreshFooterView.m */,
				3F1C3E9419B6BE930085AAEF /* MJRefreshHeaderView.h */,
				3F1C3E9519B6BE930085AAEF /* MJRefreshHeaderView.m */,
				3F1C3E9619B6BE930085AAEF /* UIScrollView+Extension.h */,
				3F1C3E9719B6BE930085AAEF /* UIScrollView+Extension.m */,
				3F1C3E9819B6BE930085AAEF /* UIScrollView+MJRefresh.h */,
				3F1C3E9919B6BE930085AAEF /* UIScrollView+MJRefresh.m */,
				3F1C3E9A19B6BE930085AAEF /* UIView+Extension.h */,
				3F1C3E9B19B6BE930085AAEF /* UIView+Extension.m */,
			);
			path = MJRefresh;
			sourceTree = "<group>";
		};
		3F2C8C61196E755D00F70C19 = {
			isa = PBXGroup;
			children = (
				3F2C8C73196E755D00F70C19 /* MyWeiBo */,
				3F2C8C8C196E755D00F70C19 /* MyWeiBoTests */,
				3F2C8C6C196E755D00F70C19 /* Frameworks */,
				3F2C8C6B196E755D00F70C19 /* Products */,
			);
			sourceTree = "<group>";
		};
		3F2C8C6B196E755D00F70C19 /* Products */ = {
			isa = PBXGroup;
			children = (
				3F2C8C6A196E755D00F70C19 /* MyWeiBo.app */,
				3F2C8C85196E755D00F70C19 /* MyWeiBoTests.xctest */,
			);
			name = Products;
			sourceTree = "<group>";
		};
		3F2C8C6C196E755D00F70C19 /* Frameworks */ = {
			isa = PBXGroup;
			children = (
				3F2C8CCC196E7A0C00F70C19 /* CoreText.framework */,
				3F2C8CCA196E794000F70C19 /* QuartzCore.framework */,
				3F2C8C6D196E755D00F70C19 /* Foundation.framework */,
				3F2C8C6F196E755D00F70C19 /* CoreGraphics.framework */,
				3F2C8C71196E755D00F70C19 /* UIKit.framework */,
			);
			name = Frameworks;
			sourceTree = "<group>";
		};
		3F2C8C73196E755D00F70C19 /* MyWeiBo */ = {
			isa = PBXGroup;
			children = (
				3F0DACE219A38C5B00443A9E /* Classes */,
				3F2C8C74196E755D00F70C19 /* Supporting Files */,
			);
			path = MyWeiBo;
			sourceTree = "<group>";
		};
		3F2C8C74196E755D00F70C19 /* Supporting Files */ = {
			isa = PBXGroup;
			children = (
				3F35F0CB19B75219006242E4 /* new_feature_background-568h@2x.png */,
				3F35F0C519B751EF006242E4 /* new_feature_1-568h@2x.png */,
				3F35F0C719B751F5006242E4 /* new_feature_2-568h@2x.png */,
				3F35F0C919B75202006242E4 /* new_feature_3-568h@2x.png */,
				3F2C8C7F196E755D00F70C19 /* Images.xcassets */,
				3F2C8C75196E755D00F70C19 /* MyWeiBo-Info.plist */,
				3F2C8C76196E755D00F70C19 /* InfoPlist.strings */,
			);
			name = "Supporting Files";
			sourceTree = "<group>";
		};
		3F2C8C8C196E755D00F70C19 /* MyWeiBoTests */ = {
			isa = PBXGroup;
			children = (
				3F2C8C92196E755D00F70C19 /* MyWeiBoTests.m */,
				3F2C8C8D196E755D00F70C19 /* Supporting Files */,
			);
			path = MyWeiBoTests;
			sourceTree = "<group>";
		};
		3F2C8C8D196E755D00F70C19 /* Supporting Files */ = {
			isa = PBXGroup;
			children = (
				3F2C8C8E196E755D00F70C19 /* MyWeiBoTests-Info.plist */,
				3F2C8C8F196E755D00F70C19 /* InfoPlist.strings */,
			);
			name = "Supporting Files";
			sourceTree = "<group>";
		};
		3F69D46619A38D1200B4C422 /* Category */ = {
			isa = PBXGroup;
			children = (
				3F69D46719A38D5700B4C422 /* UIImage+My.h */,
				3F69D46819A38D5700B4C422 /* UIImage+My.m */,
				3F8B7CEF19A5E52100D32E31 /* UIBarButtonItem+My.h */,
				3F8B7CF019A5E52100D32E31 /* UIBarButtonItem+My.m */,
				3F3E46C319AF784300158F92 /* NSDate+My.h */,
				3F3E46C419AF784300158F92 /* NSDate+My.m */,
			);
			path = Category;
			sourceTree = "<group>";
		};
		3F8B7CF819A626F500D32E31 /* NewFeature(版本新特性) */ = {
			isa = PBXGroup;
			children = (
				3F0C384219A6C8B800B390C7 /* Controller */,
				3F8B7CFC19A626F500D32E31 /* Model */,
				3F8B7CFD19A626F500D32E31 /* View */,
			);
			path = "NewFeature(版本新特性)";
			sourceTree = "<group>";
		};
		3F8B7CFC19A626F500D32E31 /* Model */ = {
			isa = PBXGroup;
			children = (
			);
			path = Model;
			sourceTree = "<group>";
		};
		3F8B7CFD19A626F500D32E31 /* View */ = {
			isa = PBXGroup;
			children = (
			);
			path = View;
			sourceTree = "<group>";
		};
		3F98308B19AAFD8500E39C8D /* SDWebImage */ = {
			isa = PBXGroup;
			children = (
				3F98308C19AAFD8500E39C8D /* MKAnnotationView+WebCache.h */,
				3F98308D19AAFD8500E39C8D /* MKAnnotationView+WebCache.m */,
				3F98308E19AAFD8500E39C8D /* NSData+ImageContentType.h */,
				3F98308F19AAFD8500E39C8D /* NSData+ImageContentType.m */,
				3F98309019AAFD8500E39C8D /* SDImageCache.h */,
				3F98309119AAFD8500E39C8D /* SDImageCache.m */,
				3F98309219AAFD8500E39C8D /* SDWebImageCompat.h */,
				3F98309319AAFD8500E39C8D /* SDWebImageCompat.m */,
				3F98309419AAFD8500E39C8D /* SDWebImageDecoder.h */,
				3F98309519AAFD8500E39C8D /* SDWebImageDecoder.m */,
				3F98309619AAFD8500E39C8D /* SDWebImageDownloader.h */,
				3F98309719AAFD8500E39C8D /* SDWebImageDownloader.m */,
				3F98309819AAFD8500E39C8D /* SDWebImageDownloaderOperation.h */,
				3F98309919AAFD8500E39C8D /* SDWebImageDownloaderOperation.m */,
				3F98309A19AAFD8500E39C8D /* SDWebImageManager.h */,
				3F98309B19AAFD8500E39C8D /* SDWebImageManager.m */,
				3F98309C19AAFD8500E39C8D /* SDWebImageOperation.h */,
				3F98309D19AAFD8500E39C8D /* SDWebImagePrefetcher.h */,
				3F98309E19AAFD8500E39C8D /* SDWebImagePrefetcher.m */,
				3F98309F19AAFD8500E39C8D /* UIButton+WebCache.h */,
				3F9830A019AAFD8500E39C8D /* UIButton+WebCache.m */,
				3F9830A119AAFD8500E39C8D /* UIImage+GIF.h */,
				3F9830A219AAFD8500E39C8D /* UIImage+GIF.m */,
				3F9830A319AAFD8500E39C8D /* UIImage+MultiFormat.h */,
				3F9830A419AAFD8500E39C8D /* UIImage+MultiFormat.m */,
				3F9830A519AAFD8500E39C8D /* UIImage+WebP.h */,
				3F9830A619AAFD8500E39C8D /* UIImage+WebP.m */,
				3F9830A719AAFD8500E39C8D /* UIImageView+HighlightedWebCache.h */,
				3F9830A819AAFD8500E39C8D /* UIImageView+HighlightedWebCache.m */,
				3F9830A919AAFD8500E39C8D /* UIImageView+WebCache.h */,
				3F9830AA19AAFD8500E39C8D /* UIImageView+WebCache.m */,
				3F9830AB19AAFD8500E39C8D /* UIView+WebCacheOperation.h */,
				3F9830AC19AAFD8500E39C8D /* UIView+WebCacheOperation.m */,
			);
			path = SDWebImage;
			sourceTree = "<group>";
		};
		3F9830EF19AB0CC600E39C8D /* MJExtension */ = {
			isa = PBXGroup;
			children = (
				3F9830F019AB0CC600E39C8D /* MJArgument.h */,
				3F9830F119AB0CC600E39C8D /* MJArgument.m */,
				3F9830F219AB0CC600E39C8D /* MJConst.h */,
				3F9830F319AB0CC600E39C8D /* MJConst.m */,
				3F9830F419AB0CC600E39C8D /* MJExtension.h */,
				3F9830F519AB0CC600E39C8D /* MJFoundation.h */,
				3F9830F619AB0CC600E39C8D /* MJFoundation.m */,
				3F9830F719AB0CC600E39C8D /* MJIvar.h */,
				3F9830F819AB0CC600E39C8D /* MJIvar.m */,
				3F9830F919AB0CC600E39C8D /* MJMember.h */,
				3F9830FA19AB0CC600E39C8D /* MJMember.m */,
				3F9830FB19AB0CC600E39C8D /* MJMethod.h */,
				3F9830FC19AB0CC600E39C8D /* MJMethod.m */,
				3F9830FD19AB0CC600E39C8D /* MJType.h */,
				3F9830FE19AB0CC600E39C8D /* MJType.m */,
				3F9830FF19AB0CC600E39C8D /* MJTypeEncoding.h */,
				3F98310019AB0CC600E39C8D /* MJTypeEncoding.m */,
				3F98310119AB0CC600E39C8D /* NSObject+MJCoding.h */,
				3F98310219AB0CC600E39C8D /* NSObject+MJCoding.m */,
				3F98310319AB0CC600E39C8D /* NSObject+MJKeyValue.h */,
				3F98310419AB0CC600E39C8D /* NSObject+MJKeyValue.m */,
				3F98310519AB0CC600E39C8D /* NSObject+MJMember.h */,
				3F98310619AB0CC600E39C8D /* NSObject+MJMember.m */,
			);
			path = MJExtension;
			sourceTree = "<group>";
		};
		3FCCD3CB19B7F60800441623 /* Compose(发微博) */ = {
			isa = PBXGroup;
			children = (
				3FCCD3CC19B7FC8200441623 /* Controller */,
				3FCCD3CD19B7FC8200441623 /* Model */,
				3FCCD3CE19B7FC8200441623 /* View */,
			);
			path = "Compose(发微博)";
			sourceTree = "<group>";
		};
		3FCCD3CC19B7FC8200441623 /* Controller */ = {
			isa = PBXGroup;
			children = (
				3FCCD3CF19B7FCCB00441623 /* MyComposeViewController.h */,
				3FCCD3D019B7FCCB00441623 /* MyComposeViewController.m */,
			);
			path = Controller;
			sourceTree = "<group>";
		};
		3FCCD3CD19B7FC8200441623 /* Model */ = {
			isa = PBXGroup;
			children = (
			);
			path = Model;
			sourceTree = "<group>";
		};
		3FCCD3CE19B7FC8200441623 /* View */ = {
			isa = PBXGroup;
			children = (
				3F08669919B81563001E75E8 /* MyTextView.h */,
				3F08669A19B81563001E75E8 /* MyTextView.m */,
			);
			path = View;
			sourceTree = "<group>";
		};
/* End PBXGroup section */

/* Begin PBXNativeTarget section */
		3F2C8C69196E755D00F70C19 /* MyWeiBo */ = {
			isa = PBXNativeTarget;
			buildConfigurationList = 3F2C8C96196E755D00F70C19 /* Build configuration list for PBXNativeTarget "MyWeiBo" */;
			buildPhases = (
				3F2C8C66196E755D00F70C19 /* Sources */,
				3F2C8C67196E755D00F70C19 /* Frameworks */,
				3F2C8C68196E755D00F70C19 /* Resources */,
			);
			buildRules = (
			);
			dependencies = (
			);
			name = MyWeiBo;
			productName = MyWeiBo;
			productReference = 3F2C8C6A196E755D00F70C19 /* MyWeiBo.app */;
			productType = "com.apple.product-type.application";
		};
		3F2C8C84196E755D00F70C19 /* MyWeiBoTests */ = {
			isa = PBXNativeTarget;
			buildConfigurationList = 3F2C8C99196E755D00F70C19 /* Build configuration list for PBXNativeTarget "MyWeiBoTests" */;
			buildPhases = (
				3F2C8C81196E755D00F70C19 /* Sources */,
				3F2C8C82196E755D00F70C19 /* Frameworks */,
				3F2C8C83196E755D00F70C19 /* Resources */,
			);
			buildRules = (
			);
			dependencies = (
				3F2C8C8B196E755D00F70C19 /* PBXTargetDependency */,
			);
			name = MyWeiBoTests;
			productName = MyWeiBoTests;
			productReference = 3F2C8C85196E755D00F70C19 /* MyWeiBoTests.xctest */;
			productType = "com.apple.product-type.bundle.unit-test";
		};
/* End PBXNativeTarget section */

/* Begin PBXProject section */
		3F2C8C62196E755D00F70C19 /* Project object */ = {
			isa = PBXProject;
			attributes = {
				LastUpgradeCheck = 0510;
				ORGANIZATIONNAME = Sun1;
				TargetAttributes = {
					3F2C8C84196E755D00F70C19 = {
						TestTargetID = 3F2C8C69196E755D00F70C19;
					};
				};
			};
			buildConfigurationList = 3F2C8C65196E755D00F70C19 /* Build configuration list for PBXProject "MyWeiBo" */;
			compatibilityVersion = "Xcode 3.2";
			developmentRegion = English;
			hasScannedForEncodings = 0;
			knownRegions = (
				en,
			);
			mainGroup = 3F2C8C61196E755D00F70C19;
			productRefGroup = 3F2C8C6B196E755D00F70C19 /* Products */;
			projectDirPath = "";
			projectRoot = "";
			targets = (
				3F2C8C69196E755D00F70C19 /* MyWeiBo */,
				3F2C8C84196E755D00F70C19 /* MyWeiBoTests */,
			);
		};
/* End PBXProject section */

/* Begin PBXResourcesBuildPhase section */
		3F2C8C68196E755D00F70C19 /* Resources */ = {
			isa = PBXResourcesBuildPhase;
			buildActionMask = 2147483647;
			files = (
				3F35F0C819B751F5006242E4 /* new_feature_2-568h@2x.png in Resources */,
				3F35F0CA19B75202006242E4 /* new_feature_3-568h@2x.png in Resources */,
				3F2C8C78196E755D00F70C19 /* InfoPlist.strings in Resources */,
				3F2C8C80196E755D00F70C19 /* Images.xcassets in Resources */,
				3F1C3E9C19B6BE930085AAEF /* MJRefresh.bundle in Resources */,
				3F35F0C619B751EF006242E4 /* new_feature_1-568h@2x.png in Resources */,
				3F1A4E7119A8BB5E00CBF16C /* MBProgressHUD.bundle in Resources */,
				3F35F0CC19B75219006242E4 /* new_feature_background-568h@2x.png in Resources */,
			);
			runOnlyForDeploymentPostprocessing = 0;
		};
		3F2C8C83196E755D00F70C19 /* Resources */ = {
			isa = PBXResourcesBuildPhase;
			buildActionMask = 2147483647;
			files = (
				3F2C8C91196E755D00F70C19 /* InfoPlist.strings in Resources */,
			);
			runOnlyForDeploymentPostprocessing = 0;
		};
/* End PBXResourcesBuildPhase section */

/* Begin PBXSourcesBuildPhase section */
		3F2C8C66196E755D00F70C19 /* Sources */ = {
			isa = PBXSourcesBuildPhase;
			buildActionMask = 2147483647;
			files = (
				3F014D8619A6F1D2009840BF /* AFHTTPRequestOperation.m in Sources */,
				3F0DAD0B19A38C5B00443A9E /* AppDelegate.m in Sources */,
				3F014D7019A6DC8E009840BF /* OAuthViewController.m in Sources */,
				3F9830B419AAFD8500E39C8D /* SDWebImageManager.m in Sources */,
				3F1C3E9E19B6BE930085AAEF /* MJRefreshConst.m in Sources */,
				3F1C3EA119B6BE930085AAEF /* UIScrollView+Extension.m in Sources */,
				3F98310D19AB0CC600E39C8D /* MJType.m in Sources */,
				3F69D46919A38D5700B4C422 /* UIImage+My.m in Sources */,
				3F07378819A7398B008FD8FA /* MyAccountTools.m in Sources */,
				3F98310E19AB0CC600E39C8D /* MJTypeEncoding.m in Sources */,
				3F1C3E9F19B6BE930085AAEF /* MJRefreshFooterView.m in Sources */,
				3FAC06F319A712BC00346013 /* MyAccount.m in Sources */,
				3F08669B19B81563001E75E8 /* MyTextView.m in Sources */,
				3F98310919AB0CC600E39C8D /* MJFoundation.m in Sources */,
				3F3E347519B1EC220050E0B4 /* MyStatusTopView.m in Sources */,
				3F9830B819AAFD8500E39C8D /* UIImage+MultiFormat.m in Sources */,
				3FA86CD019AC7D6D006166BE /* MyStatusesFrame.m in Sources */,
				3F1A4E7019A8BB5E00CBF16C /* MBProgressHUD+MJ.m in Sources */,
				3F1C3EA019B6BE930085AAEF /* MJRefreshHeaderView.m in Sources */,
				3F9830B219AAFD8500E39C8D /* SDWebImageDownloader.m in Sources */,
				3F0C384519A6C8B800B390C7 /* MyNewFeatureViewController.m in Sources */,
				3F98310719AB0CC600E39C8D /* MJArgument.m in Sources */,
				3F9830B919AAFD8500E39C8D /* UIImage+WebP.m in Sources */,
				3F8887DD19A587D200CF786C /* MyNavgationViewController.m in Sources */,
				3F89CD7419A5029000107F00 /* MyBadgeButton.m in Sources */,
				3F014D8819A6F1D2009840BF /* AFHTTPSessionManager.m in Sources */,
				3F0DAD0919A38C5B00443A9E /* MeViewController.m in Sources */,
				3F98310C19AB0CC600E39C8D /* MJMethod.m in Sources */,
				3F9830BA19AAFD8500E39C8D /* UIImageView+HighlightedWebCache.m in Sources */,
				3F1C3EA319B6BE930085AAEF /* UIView+Extension.m in Sources */,
				3F98310F19AB0CC600E39C8D /* NSObject+MJCoding.m in Sources */,
				3F9830B119AAFD8500E39C8D /* SDWebImageDecoder.m in Sources */,
				3F9830B519AAFD8500E39C8D /* SDWebImagePrefetcher.m in Sources */,
				3F8B7CF119A5E52100D32E31 /* UIBarButtonItem+My.m in Sources */,
				3F98310B19AB0CC600E39C8D /* MJMember.m in Sources */,
				3F014D8919A6F1D2009840BF /* AFNetworkReachabilityManager.m in Sources */,
				3FCCD3D119B7FCCB00441623 /* MyComposeViewController.m in Sources */,
				3F6DAA5219B0A6C100870C3E /* MyStatusToolsBar.m in Sources */,
				3F014D8E19A6F1D2009840BF /* AFURLSessionManager.m in Sources */,
				3F0DAD0619A38C5B00443A9E /* DiscoverViewController.m in Sources */,
				3F8B7CF419A5EEB800D32E31 /* MySearchBar.m in Sources */,
				3F014D8B19A6F1D2009840BF /* AFURLConnectionOperation.m in Sources */,
				3F9830B719AAFD8500E39C8D /* UIImage+GIF.m in Sources */,
				3F9830BB19AAFD8500E39C8D /* UIImageView+WebCache.m in Sources */,
				3F98310A19AB0CC600E39C8D /* MJIvar.m in Sources */,
				3F014D8D19A6F1D2009840BF /* AFURLResponseSerialization.m in Sources */,
				3F3E46C519AF784300158F92 /* NSDate+My.m in Sources */,
				3F9830AF19AAFD8500E39C8D /* SDImageCache.m in Sources */,
				3F0DAD0819A38C5B00443A9E /* TabBarViewController.m in Sources */,
				3F98310819AB0CC600E39C8D /* MJConst.m in Sources */,
				3F014D8C19A6F1D2009840BF /* AFURLRequestSerialization.m in Sources */,
				3FA86CCD19AC7495006166BE /* MyStatusesCell.m in Sources */,
				3FE08C5119A3B1C900776983 /* MyTabBarButton.m in Sources */,
				3F1A4E7219A8BB5E00CBF16C /* MBProgressHUD.m in Sources */,
				3F9830B319AAFD8500E39C8D /* SDWebImageDownloaderOperation.m in Sources */,
				3F0DAD0A19A38C5B00443A9E /* MessageViewController.m in Sources */,
				3F8B7CF719A6184A00D32E31 /* MyTitleButton.m in Sources */,
				3F9830B019AAFD8500E39C8D /* SDWebImageCompat.m in Sources */,
				3F98311019AB0CC600E39C8D /* NSObject+MJKeyValue.m in Sources */,
				3F3E347219B1E2C90050E0B4 /* MyReweetStatusView.m in Sources */,
				3F643EAB19B88CAA008A6DFD /* MyUnreadModel.m in Sources */,
				3F9830AE19AAFD8500E39C8D /* NSData+ImageContentType.m in Sources */,
				3F7A511719AAC15E00C04E5F /* MyUser.m in Sources */,
				3F0DAD0719A38C5B00443A9E /* HomeViewController.m in Sources */,
				3F69D46C19A3936300B4C422 /* MyTabBar.m in Sources */,
				3F9830B619AAFD8500E39C8D /* UIButton+WebCache.m in Sources */,
				3F98311119AB0CC600E39C8D /* NSObject+MJMember.m in Sources */,
				3F014D8719A6F1D2009840BF /* AFHTTPRequestOperationManager.m in Sources */,
				3F014D8A19A6F1D2009840BF /* AFSecurityPolicy.m in Sources */,
				3F1C3E9D19B6BE930085AAEF /* MJRefreshBaseView.m in Sources */,
				3F07378419A7370D008FD8FA /* MyWeiBoTools.m in Sources */,
				3F9830BC19AAFD8500E39C8D /* UIView+WebCacheOperation.m in Sources */,
				3F1C3EA219B6BE930085AAEF /* UIScrollView+MJRefresh.m in Sources */,
				3F9830AD19AAFD8500E39C8D /* MKAnnotationView+WebCache.m in Sources */,
				3F0DAD0C19A38C5B00443A9E /* main.m in Sources */,
				3F7A511419AABD1000C04E5F /* MyStatusesModel.m in Sources */,
			);
			runOnlyForDeploymentPostprocessing = 0;
		};
		3F2C8C81196E755D00F70C19 /* Sources */ = {
			isa = PBXSourcesBuildPhase;
			buildActionMask = 2147483647;
			files = (
				3F2C8C93196E755D00F70C19 /* MyWeiBoTests.m in Sources */,
			);
			runOnlyForDeploymentPostprocessing = 0;
		};
/* End PBXSourcesBuildPhase section */

/* Begin PBXTargetDependency section */
		3F2C8C8B196E755D00F70C19 /* PBXTargetDependency */ = {
			isa = PBXTargetDependency;
			target = 3F2C8C69196E755D00F70C19 /* MyWeiBo */;
			targetProxy = 3F2C8C8A196E755D00F70C19 /* PBXContainerItemProxy */;
		};
/* End PBXTargetDependency section */

/* Begin PBXVariantGroup section */
		3F2C8C76196E755D00F70C19 /* InfoPlist.strings */ = {
			isa = PBXVariantGroup;
			children = (
				3F2C8C77196E755D00F70C19 /* en */,
			);
			name = InfoPlist.strings;
			sourceTree = "<group>";
		};
		3F2C8C8F196E755D00F70C19 /* InfoPlist.strings */ = {
			isa = PBXVariantGroup;
			children = (
				3F2C8C90196E755D00F70C19 /* en */,
			);
			name = InfoPlist.strings;
			sourceTree = "<group>";
		};
/* End PBXVariantGroup section */

/* Begin XCBuildConfiguration section */
		3F2C8C94196E755D00F70C19 /* Debug */ = {
			isa = XCBuildConfiguration;
			buildSettings = {
				ALWAYS_SEARCH_USER_PATHS = NO;
				CLANG_CXX_LANGUAGE_STANDARD = "gnu++0x";
				CLANG_CXX_LIBRARY = "libc++";
				CLANG_ENABLE_MODULES = YES;
				CLANG_ENABLE_OBJC_ARC = YES;
				CLANG_WARN_BOOL_CONVERSION = YES;
				CLANG_WARN_CONSTANT_CONVERSION = YES;
				CLANG_WARN_DIRECT_OBJC_ISA_USAGE = YES_ERROR;
				CLANG_WARN_EMPTY_BODY = YES;
				CLANG_WARN_ENUM_CONVERSION = YES;
				CLANG_WARN_INT_CONVERSION = YES;
				CLANG_WARN_OBJC_ROOT_CLASS = YES_ERROR;
				CLANG_WARN__DUPLICATE_METHOD_MATCH = YES;
				"CODE_SIGN_IDENTITY[sdk=iphoneos*]" = "iPhone Developer";
				COPY_PHASE_STRIP = NO;
				GCC_C_LANGUAGE_STANDARD = gnu99;
				GCC_DYNAMIC_NO_PIC = NO;
				GCC_OPTIMIZATION_LEVEL = 0;
				GCC_PREPROCESSOR_DEFINITIONS = (
					"DEBUG=1",
					"$(inherited)",
				);
				GCC_SYMBOLS_PRIVATE_EXTERN = NO;
				GCC_WARN_64_TO_32_BIT_CONVERSION = YES;
				GCC_WARN_ABOUT_RETURN_TYPE = YES_ERROR;
				GCC_WARN_UNDECLARED_SELECTOR = YES;
				GCC_WARN_UNINITIALIZED_AUTOS = YES_AGGRESSIVE;
				GCC_WARN_UNUSED_FUNCTION = YES;
				GCC_WARN_UNUSED_VARIABLE = YES;
				IPHONEOS_DEPLOYMENT_TARGET = 7.1;
				ONLY_ACTIVE_ARCH = YES;
				SDKROOT = iphoneos;
			};
			name = Debug;
		};
		3F2C8C95196E755D00F70C19 /* Release */ = {
			isa = XCBuildConfiguration;
			buildSettings = {
				ALWAYS_SEARCH_USER_PATHS = NO;
				CLANG_CXX_LANGUAGE_STANDARD = "gnu++0x";
				CLANG_CXX_LIBRARY = "libc++";
				CLANG_ENABLE_MODULES = YES;
				CLANG_ENABLE_OBJC_ARC = YES;
				CLANG_WARN_BOOL_CONVERSION = YES;
				CLANG_WARN_CONSTANT_CONVERSION = YES;
				CLANG_WARN_DIRECT_OBJC_ISA_USAGE = YES_ERROR;
				CLANG_WARN_EMPTY_BODY = YES;
				CLANG_WARN_ENUM_CONVERSION = YES;
				CLANG_WARN_INT_CONVERSION = YES;
				CLANG_WARN_OBJC_ROOT_CLASS = YES_ERROR;
				CLANG_WARN__DUPLICATE_METHOD_MATCH = YES;
				"CODE_SIGN_IDENTITY[sdk=iphoneos*]" = "iPhone Developer";
				COPY_PHASE_STRIP = YES;
				ENABLE_NS_ASSERTIONS = NO;
				GCC_C_LANGUAGE_STANDARD = gnu99;
				GCC_WARN_64_TO_32_BIT_CONVERSION = YES;
				GCC_WARN_ABOUT_RETURN_TYPE = YES_ERROR;
				GCC_WARN_UNDECLARED_SELECTOR = YES;
				GCC_WARN_UNINITIALIZED_AUTOS = YES_AGGRESSIVE;
				GCC_WARN_UNUSED_FUNCTION = YES;
				GCC_WARN_UNUSED_VARIABLE = YES;
				IPHONEOS_DEPLOYMENT_TARGET = 7.1;
				SDKROOT = iphoneos;
				VALIDATE_PRODUCT = YES;
			};
			name = Release;
		};
		3F2C8C97196E755D00F70C19 /* Debug */ = {
			isa = XCBuildConfiguration;
			buildSettings = {
				ASSETCATALOG_COMPILER_APPICON_NAME = AppIcon;
				ASSETCATALOG_COMPILER_LAUNCHIMAGE_NAME = LaunchImage;
				GCC_PRECOMPILE_PREFIX_HEADER = YES;
				GCC_PREFIX_HEADER = "MyWeiBo/Classes/Others(其他)/MyWeiBo-Prefix.pch";
				INFOPLIST_FILE = "MyWeiBo/MyWeiBo-Info.plist";
				IPHONEOS_DEPLOYMENT_TARGET = 7.1;
				PRODUCT_NAME = "$(TARGET_NAME)";
				WRAPPER_EXTENSION = app;
			};
			name = Debug;
		};
		3F2C8C98196E755D00F70C19 /* Release */ = {
			isa = XCBuildConfiguration;
			buildSettings = {
				ASSETCATALOG_COMPILER_APPICON_NAME = AppIcon;
				ASSETCATALOG_COMPILER_LAUNCHIMAGE_NAME = LaunchImage;
				GCC_PRECOMPILE_PREFIX_HEADER = YES;
				GCC_PREFIX_HEADER = "MyWeiBo/Classes/Others(其他)/MyWeiBo-Prefix.pch";
				INFOPLIST_FILE = "MyWeiBo/MyWeiBo-Info.plist";
				IPHONEOS_DEPLOYMENT_TARGET = 7.1;
				PRODUCT_NAME = "$(TARGET_NAME)";
				WRAPPER_EXTENSION = app;
			};
			name = Release;
		};
		3F2C8C9A196E755D00F70C19 /* Debug */ = {
			isa = XCBuildConfiguration;
			buildSettings = {
				BUNDLE_LOADER = "$(BUILT_PRODUCTS_DIR)/MyWeiBo.app/MyWeiBo";
				FRAMEWORK_SEARCH_PATHS = (
					"$(SDKROOT)/Developer/Library/Frameworks",
					"$(inherited)",
					"$(DEVELOPER_FRAMEWORKS_DIR)",
				);
				GCC_PRECOMPILE_PREFIX_HEADER = YES;
				GCC_PREFIX_HEADER = "MyWeiBo/MyWeiBo-Prefix.pch";
				GCC_PREPROCESSOR_DEFINITIONS = (
					"DEBUG=1",
					"$(inherited)",
				);
				INFOPLIST_FILE = "MyWeiBoTests/MyWeiBoTests-Info.plist";
				PRODUCT_NAME = "$(TARGET_NAME)";
				TEST_HOST = "$(BUNDLE_LOADER)";
				WRAPPER_EXTENSION = xctest;
			};
			name = Debug;
		};
		3F2C8C9B196E755D00F70C19 /* Release */ = {
			isa = XCBuildConfiguration;
			buildSettings = {
				BUNDLE_LOADER = "$(BUILT_PRODUCTS_DIR)/MyWeiBo.app/MyWeiBo";
				FRAMEWORK_SEARCH_PATHS = (
					"$(SDKROOT)/Developer/Library/Frameworks",
					"$(inherited)",
					"$(DEVELOPER_FRAMEWORKS_DIR)",
				);
				GCC_PRECOMPILE_PREFIX_HEADER = YES;
				GCC_PREFIX_HEADER = "MyWeiBo/MyWeiBo-Prefix.pch";
				INFOPLIST_FILE = "MyWeiBoTests/MyWeiBoTests-Info.plist";
				PRODUCT_NAME = "$(TARGET_NAME)";
				TEST_HOST = "$(BUNDLE_LOADER)";
				WRAPPER_EXTENSION = xctest;
			};
			name = Release;
		};
/* End XCBuildConfiguration section */

/* Begin XCConfigurationList section */
		3F2C8C65196E755D00F70C19 /* Build configuration list for PBXProject "MyWeiBo" */ = {
			isa = XCConfigurationList;
			buildConfigurations = (
				3F2C8C94196E755D00F70C19 /* Debug */,
				3F2C8C95196E755D00F70C19 /* Release */,
			);
			defaultConfigurationIsVisible = 0;
			defaultConfigurationName = Release;
		};
		3F2C8C96196E755D00F70C19 /* Build configuration list for PBXNativeTarget "MyWeiBo" */ = {
			isa = XCConfigurationList;
			buildConfigurations = (
				3F2C8C97196E755D00F70C19 /* Debug */,
				3F2C8C98196E755D00F70C19 /* Release */,
			);
			defaultConfigurationIsVisible = 0;
			defaultConfigurationName = Release;
		};
		3F2C8C99196E755D00F70C19 /* Build configuration list for PBXNativeTarget "MyWeiBoTests" */ = {
			isa = XCConfigurationList;
			buildConfigurations = (
				3F2C8C9A196E755D00F70C19 /* Debug */,
				3F2C8C9B196E755D00F70C19 /* Release */,
			);
			defaultConfigurationIsVisible = 0;
			defaultConfigurationName = Release;
		};
/* End XCConfigurationList section */
	};
	rootObject = 3F2C8C62196E755D00F70C19 /* Project object */;
}
